// !$*UTF8*$!
{
	archiveVersion = 1;
	classes = {
	};
	objectVersion = 46;
	objects = {

/* Begin PBXBuildFile section */
		0E3871E11DC3033F00698B90 /* main.m in Sources */ = {isa = PBXBuildFile; fileRef = 0E3871E01DC3033F00698B90 /* main.m */; };
		0E3871E41DC3033F00698B90 /* AppDelegate.m in Sources */ = {isa = PBXBuildFile; fileRef = 0E3871E31DC3033F00698B90 /* AppDelegate.m */; };
		0E3871EA1DC3033F00698B90 /* Main.storyboard in Resources */ = {isa = PBXBuildFile; fileRef = 0E3871E81DC3033F00698B90 /* Main.storyboard */; };
		0E3871EC1DC3033F00698B90 /* Assets.xcassets in Resources */ = {isa = PBXBuildFile; fileRef = 0E3871EB1DC3033F00698B90 /* Assets.xcassets */; };
		0E3871EF1DC3033F00698B90 /* LaunchScreen.storyboard in Resources */ = {isa = PBXBuildFile; fileRef = 0E3871ED1DC3033F00698B90 /* LaunchScreen.storyboard */; };
		0E3871FA1DC3033F00698B90 /* caaTests.m in Sources */ = {isa = PBXBuildFile; fileRef = 0E3871F91DC3033F00698B90 /* caaTests.m */; };
		0E3872051DC3033F00698B90 /* caaUITests.m in Sources */ = {isa = PBXBuildFile; fileRef = 0E3872041DC3033F00698B90 /* caaUITests.m */; };
		0E38725D1DC328A900698B90 /* EncryptionData.m in Sources */ = {isa = PBXBuildFile; fileRef = 0E3872561DC328A900698B90 /* EncryptionData.m */; };
		0E38725E1DC328A900698B90 /* HYAlertView.m in Sources */ = {isa = PBXBuildFile; fileRef = 0E3872581DC328A900698B90 /* HYAlertView.m */; };
		0E38725F1DC328A900698B90 /* JSONKit.m in Sources */ = {isa = PBXBuildFile; fileRef = 0E38725A1DC328A900698B90 /* JSONKit.m */; settings = {COMPILER_FLAGS = "-fno-objc-arc"; }; };
		0E3872601DC328A900698B90 /* LGReachability.m in Sources */ = {isa = PBXBuildFile; fileRef = 0E38725C1DC328A900698B90 /* LGReachability.m */; };
		0E3872671DC328BC00698B90 /* BaseModel.m in Sources */ = {isa = PBXBuildFile; fileRef = 0E3872621DC328BC00698B90 /* BaseModel.m */; };
		0E3872681DC328BC00698B90 /* BaseViewController.m in Sources */ = {isa = PBXBuildFile; fileRef = 0E3872641DC328BC00698B90 /* BaseViewController.m */; };
		0E3872691DC328BC00698B90 /* TabBarViewController.m in Sources */ = {isa = PBXBuildFile; fileRef = 0E3872661DC328BC00698B90 /* TabBarViewController.m */; };
		0E38726C1DC328D300698B90 /* MineViewController.m in Sources */ = {isa = PBXBuildFile; fileRef = 0E38726B1DC328D300698B90 /* MineViewController.m */; };
		0E38726F1DC328E700698B90 /* HomeViewController.m in Sources */ = {isa = PBXBuildFile; fileRef = 0E38726E1DC328E700698B90 /* HomeViewController.m */; };
		0E3872721DC3290500698B90 /* GetDataHandle.m in Sources */ = {isa = PBXBuildFile; fileRef = 0E3872711DC3290500698B90 /* GetDataHandle.m */; };
		0E3872761DC32D3700698B90 /* LoginViewController.m in Sources */ = {isa = PBXBuildFile; fileRef = 0E3872751DC32D3700698B90 /* LoginViewController.m */; };
		0E3872791DC32D5100698B90 /* RegisterViewController.m in Sources */ = {isa = PBXBuildFile; fileRef = 0E3872781DC32D5100698B90 /* RegisterViewController.m */; };
		0E38727C1DC32EF500698B90 /* GetBackPassWordViewController.m in Sources */ = {isa = PBXBuildFile; fileRef = 0E38727B1DC32EF500698B90 /* GetBackPassWordViewController.m */; };
		0E38727F1DC330D300698B90 /* VerLoginViewController.m in Sources */ = {isa = PBXBuildFile; fileRef = 0E38727E1DC330D300698B90 /* VerLoginViewController.m */; };
		0E3872A11DC33E6E00698B90 /* MBProgressHUD+Package.m in Sources */ = {isa = PBXBuildFile; fileRef = 0E38729A1DC33E6E00698B90 /* MBProgressHUD+Package.m */; };
		0E3872A21DC33E6E00698B90 /* NSString+Additions.m in Sources */ = {isa = PBXBuildFile; fileRef = 0E38729C1DC33E6E00698B90 /* NSString+Additions.m */; };
		0E3872A31DC33E6E00698B90 /* UIView+LayerAttributes.m in Sources */ = {isa = PBXBuildFile; fileRef = 0E38729E1DC33E6E00698B90 /* UIView+LayerAttributes.m */; };
		0E3872A41DC33E6E00698B90 /* UIViewAdditions.m in Sources */ = {isa = PBXBuildFile; fileRef = 0E3872A01DC33E6E00698B90 /* UIViewAdditions.m */; settings = {COMPILER_FLAGS = "-fno-objc-arc"; }; };
		0E621C851DC4B98F00D1136A /* libc++abi.tbd in Frameworks */ = {isa = PBXBuildFile; fileRef = 0E621C841DC4B98F00D1136A /* libc++abi.tbd */; };
		0E621C871DC4B9BF00D1136A /* libsqlite3.0.tbd in Frameworks */ = {isa = PBXBuildFile; fileRef = 0E621C861DC4B9BF00D1136A /* libsqlite3.0.tbd */; };
		0E6BBAE01DC9D70300A01F44 /* BusinessChooseViewController.m in Sources */ = {isa = PBXBuildFile; fileRef = 0E6BBADF1DC9D70300A01F44 /* BusinessChooseViewController.m */; };
		0E6BBAFF1DCA0DDF00A01F44 /* ImagesPicker.xcassets in Resources */ = {isa = PBXBuildFile; fileRef = 0E6BBAE21DCA0DDF00A01F44 /* ImagesPicker.xcassets */; };
		0E6BBB001DCA0DDF00A01F44 /* JKAssets.m in Sources */ = {isa = PBXBuildFile; fileRef = 0E6BBAE41DCA0DDF00A01F44 /* JKAssets.m */; };
		0E6BBB011DCA0DDF00A01F44 /* JKAssetsCollectionFooterView.m in Sources */ = {isa = PBXBuildFile; fileRef = 0E6BBAE61DCA0DDF00A01F44 /* JKAssetsCollectionFooterView.m */; };
		0E6BBB021DCA0DDF00A01F44 /* JKAssetsGroupCell.m in Sources */ = {isa = PBXBuildFile; fileRef = 0E6BBAE81DCA0DDF00A01F44 /* JKAssetsGroupCell.m */; };
		0E6BBB031DCA0DDF00A01F44 /* JKAssetsGroupsView.m in Sources */ = {isa = PBXBuildFile; fileRef = 0E6BBAEA1DCA0DDF00A01F44 /* JKAssetsGroupsView.m */; };
		0E6BBB041DCA0DDF00A01F44 /* JKAssetsThumbnailView.m in Sources */ = {isa = PBXBuildFile; fileRef = 0E6BBAEC1DCA0DDF00A01F44 /* JKAssetsThumbnailView.m */; };
		0E6BBB051DCA0DDF00A01F44 /* JKAssetsViewCell.m in Sources */ = {isa = PBXBuildFile; fileRef = 0E6BBAEE1DCA0DDF00A01F44 /* JKAssetsViewCell.m */; };
		0E6BBB061DCA0DDF00A01F44 /* JKImagePickerController.m in Sources */ = {isa = PBXBuildFile; fileRef = 0E6BBAF01DCA0DDF00A01F44 /* JKImagePickerController.m */; };
		0E6BBB071DCA0DDF00A01F44 /* JKImagePickerController.strings in Resources */ = {isa = PBXBuildFile; fileRef = 0E6BBAF11DCA0DDF00A01F44 /* JKImagePickerController.strings */; };
		0E6BBB081DCA0DDF00A01F44 /* JKPhotoBrowser.m in Sources */ = {isa = PBXBuildFile; fileRef = 0E6BBAF41DCA0DDF00A01F44 /* JKPhotoBrowser.m */; };
		0E6BBB091DCA0DE000A01F44 /* JKPhotoBrowserCell.m in Sources */ = {isa = PBXBuildFile; fileRef = 0E6BBAF61DCA0DDF00A01F44 /* JKPhotoBrowserCell.m */; };
		0E6BBB0A1DCA0DE000A01F44 /* JKPromptView.m in Sources */ = {isa = PBXBuildFile; fileRef = 0E6BBAF81DCA0DDF00A01F44 /* JKPromptView.m */; };
		0E6BBB0B1DCA0DE000A01F44 /* JKUtil.m in Sources */ = {isa = PBXBuildFile; fileRef = 0E6BBAFA1DCA0DDF00A01F44 /* JKUtil.m */; };
		0E6BBB0C1DCA0DE000A01F44 /* PhotoAlbumManager.m in Sources */ = {isa = PBXBuildFile; fileRef = 0E6BBAFC1DCA0DDF00A01F44 /* PhotoAlbumManager.m */; };
		0E6BBB0D1DCA0DE000A01F44 /* UIView+JKPicker.m in Sources */ = {isa = PBXBuildFile; fileRef = 0E6BBAFE1DCA0DDF00A01F44 /* UIView+JKPicker.m */; };
		0E6BBB0F1DCA0E0400A01F44 /* AVFoundation.framework in Frameworks */ = {isa = PBXBuildFile; fileRef = 0E6BBB0E1DCA0E0400A01F44 /* AVFoundation.framework */; };
		0E6BBB111DCA107200A01F44 /* Photos.framework in Frameworks */ = {isa = PBXBuildFile; fileRef = 0E6BBB101DCA107200A01F44 /* Photos.framework */; };
		0E70126E1DC6E25E00E22A68 /* NotificationConfigure.m in Sources */ = {isa = PBXBuildFile; fileRef = 0E70126D1DC6E25E00E22A68 /* NotificationConfigure.m */; };
		0E7012711DC766B800E22A68 /* PerAdMesViewController.m in Sources */ = {isa = PBXBuildFile; fileRef = 0E7012701DC766B800E22A68 /* PerAdMesViewController.m */; };
		0E76D7931DCD845F0066544C /* AdMsgModel.m in Sources */ = {isa = PBXBuildFile; fileRef = 0E76D7921DCD845F0066544C /* AdMsgModel.m */; };
		0E76D7961DCD8D260066544C /* CityModel.m in Sources */ = {isa = PBXBuildFile; fileRef = 0E76D7951DCD8D260066544C /* CityModel.m */; };
		0E76D7991DCDA49A0066544C /* UrbanModel.m in Sources */ = {isa = PBXBuildFile; fileRef = 0E76D7981DCDA49A0066544C /* UrbanModel.m */; };
		0E76D79C1DCDA4CA0066544C /* BusinessCircleModel.m in Sources */ = {isa = PBXBuildFile; fileRef = 0E76D79B1DCDA4CA0066544C /* BusinessCircleModel.m */; };
		0E76D79F1DCDAEA10066544C /* DateModel.m in Sources */ = {isa = PBXBuildFile; fileRef = 0E76D79E1DCDAEA10066544C /* DateModel.m */; };
		0E76D7A51DCDB4950066544C /* EqModel.m in Sources */ = {isa = PBXBuildFile; fileRef = 0E76D7A41DCDB4950066544C /* EqModel.m */; };
		0E76D7A81DCDC56D0066544C /* MineReleaseViewController.m in Sources */ = {isa = PBXBuildFile; fileRef = 0E76D7A71DCDC56D0066544C /* MineReleaseViewController.m */; };
		0E76D7AB1DCDC58D0066544C /* HistoryReleaseViewController.m in Sources */ = {isa = PBXBuildFile; fileRef = 0E76D7AA1DCDC58D0066544C /* HistoryReleaseViewController.m */; };
		0E76E26C1DC8337E008A06C1 /* GraphicLeadViewController.m in Sources */ = {isa = PBXBuildFile; fileRef = 0E76E26B1DC8337E008A06C1 /* GraphicLeadViewController.m */; };
		0E76E2731DC8693B008A06C1 /* CFNetwork.framework in Frameworks */ = {isa = PBXBuildFile; fileRef = 0E76E2721DC8693B008A06C1 /* CFNetwork.framework */; };
		0E76E2751DC86945008A06C1 /* CoreFoundation.framework in Frameworks */ = {isa = PBXBuildFile; fileRef = 0E76E2741DC86945008A06C1 /* CoreFoundation.framework */; };
		0E76E2771DC86950008A06C1 /* CoreTelephony.framework in Frameworks */ = {isa = PBXBuildFile; fileRef = 0E76E2761DC86950008A06C1 /* CoreTelephony.framework */; };
		0E76E2791DC8695C008A06C1 /* SystemConfiguration.framework in Frameworks */ = {isa = PBXBuildFile; fileRef = 0E76E2781DC8695C008A06C1 /* SystemConfiguration.framework */; };
		0E76E27B1DC8696A008A06C1 /* CoreGraphics.framework in Frameworks */ = {isa = PBXBuildFile; fileRef = 0E76E27A1DC8696A008A06C1 /* CoreGraphics.framework */; };
		0E76E27D1DC86973008A06C1 /* UIKit.framework in Frameworks */ = {isa = PBXBuildFile; fileRef = 0E76E27C1DC86973008A06C1 /* UIKit.framework */; };
		0E76E27F1DC8697E008A06C1 /* Security.framework in Frameworks */ = {isa = PBXBuildFile; fileRef = 0E76E27E1DC8697E008A06C1 /* Security.framework */; };
		0E76E2811DC86999008A06C1 /* UserNotifications.framework in Frameworks */ = {isa = PBXBuildFile; fileRef = 0E76E2801DC86999008A06C1 /* UserNotifications.framework */; };
		0E76E2891DC86CB6008A06C1 /* jpush-ios-2.2.0.a in Frameworks */ = {isa = PBXBuildFile; fileRef = 0E76E2871DC86CB6008A06C1 /* jpush-ios-2.2.0.a */; };
		0E76E28B1DC87A80008A06C1 /* libz.1.2.8.tbd in Frameworks */ = {isa = PBXBuildFile; fileRef = 0E76E28A1DC87A80008A06C1 /* libz.1.2.8.tbd */; };
		0E76E28D1DC88504008A06C1 /* Foundation.framework in Frameworks */ = {isa = PBXBuildFile; fileRef = 0E76E28C1DC88504008A06C1 /* Foundation.framework */; };
		0E76E28F1DC88518008A06C1 /* libresolv.tbd in Frameworks */ = {isa = PBXBuildFile; fileRef = 0E76E28E1DC88518008A06C1 /* libresolv.tbd */; };
		0E812A681DCAD99500076EC1 /* XWScanImage.m in Sources */ = {isa = PBXBuildFile; fileRef = 0E812A671DCAD99500076EC1 /* XWScanImage.m */; };
		0E812A6B1DCADCB100076EC1 /* TextView.m in Sources */ = {isa = PBXBuildFile; fileRef = 0E812A6A1DCADCB100076EC1 /* TextView.m */; };
		0E812A6E1DCB2C8500076EC1 /* ReleaseDetailViewController.m in Sources */ = {isa = PBXBuildFile; fileRef = 0E812A6D1DCB2C8500076EC1 /* ReleaseDetailViewController.m */; };
		0E812A711DCB2DB900076EC1 /* ScreenDetailViewController.m in Sources */ = {isa = PBXBuildFile; fileRef = 0E812A701DCB2DB900076EC1 /* ScreenDetailViewController.m */; };
		0E812A741DCB515700076EC1 /* ReleaseDetailTableViewCell.m in Sources */ = {isa = PBXBuildFile; fileRef = 0E812A731DCB515700076EC1 /* ReleaseDetailTableViewCell.m */; };
		0E8F2AE11DCC3AC0002FDD23 /* DateAndEqViewController.m in Sources */ = {isa = PBXBuildFile; fileRef = 0E8F2AE01DCC3AC0002FDD23 /* DateAndEqViewController.m */; };
		0E8F2AE41DCC9360002FDD23 /* ReleaseSuccessViewController.m in Sources */ = {isa = PBXBuildFile; fileRef = 0E8F2AE31DCC9360002FDD23 /* ReleaseSuccessViewController.m */; };
		0EE24EF71DD2CA2100AE6199 /* PreView.m in Sources */ = {isa = PBXBuildFile; fileRef = 0EE24EF61DD2CA2100AE6199 /* PreView.m */; };
		5C16BA70F86F124C17075DFC /* libPods.a in Frameworks */ = {isa = PBXBuildFile; fileRef = AD18A227BB14C06C5A522C46 /* libPods.a */; };
/* End PBXBuildFile section */

/* Begin PBXContainerItemProxy section */
		0E3871F61DC3033F00698B90 /* PBXContainerItemProxy */ = {
			isa = PBXContainerItemProxy;
			containerPortal = 0E3871D41DC3033F00698B90 /* Project object */;
			proxyType = 1;
			remoteGlobalIDString = 0E3871DB1DC3033F00698B90;
			remoteInfo = caa;
		};
		0E3872011DC3033F00698B90 /* PBXContainerItemProxy */ = {
			isa = PBXContainerItemProxy;
			containerPortal = 0E3871D41DC3033F00698B90 /* Project object */;
			proxyType = 1;
			remoteGlobalIDString = 0E3871DB1DC3033F00698B90;
			remoteInfo = caa;
		};
/* End PBXContainerItemProxy section */

/* Begin PBXFileReference section */
		0E3871DC1DC3033F00698B90 /* caa.app */ = {isa = PBXFileReference; explicitFileType = wrapper.application; includeInIndex = 0; path = caa.app; sourceTree = BUILT_PRODUCTS_DIR; };
		0E3871E01DC3033F00698B90 /* main.m */ = {isa = PBXFileReference; lastKnownFileType = sourcecode.c.objc; path = main.m; sourceTree = "<group>"; };
		0E3871E21DC3033F00698B90 /* AppDelegate.h */ = {isa = PBXFileReference; lastKnownFileType = sourcecode.c.h; path = AppDelegate.h; sourceTree = "<group>"; };
		0E3871E31DC3033F00698B90 /* AppDelegate.m */ = {isa = PBXFileReference; lastKnownFileType = sourcecode.c.objc; path = AppDelegate.m; sourceTree = "<group>"; };
		0E3871E91DC3033F00698B90 /* Base */ = {isa = PBXFileReference; lastKnownFileType = file.storyboard; name = Base; path = Base.lproj/Main.storyboard; sourceTree = "<group>"; };
		0E3871EB1DC3033F00698B90 /* Assets.xcassets */ = {isa = PBXFileReference; lastKnownFileType = folder.assetcatalog; path = Assets.xcassets; sourceTree = "<group>"; };
		0E3871EE1DC3033F00698B90 /* Base */ = {isa = PBXFileReference; lastKnownFileType = file.storyboard; name = Base; path = Base.lproj/LaunchScreen.storyboard; sourceTree = "<group>"; };
		0E3871F01DC3033F00698B90 /* Info.plist */ = {isa = PBXFileReference; lastKnownFileType = text.plist.xml; path = Info.plist; sourceTree = "<group>"; };
		0E3871F51DC3033F00698B90 /* caaTests.xctest */ = {isa = PBXFileReference; explicitFileType = wrapper.cfbundle; includeInIndex = 0; path = caaTests.xctest; sourceTree = BUILT_PRODUCTS_DIR; };
		0E3871F91DC3033F00698B90 /* caaTests.m */ = {isa = PBXFileReference; lastKnownFileType = sourcecode.c.objc; path = caaTests.m; sourceTree = "<group>"; };
		0E3871FB1DC3033F00698B90 /* Info.plist */ = {isa = PBXFileReference; lastKnownFileType = text.plist.xml; path = Info.plist; sourceTree = "<group>"; };
		0E3872001DC3033F00698B90 /* caaUITests.xctest */ = {isa = PBXFileReference; explicitFileType = wrapper.cfbundle; includeInIndex = 0; path = caaUITests.xctest; sourceTree = BUILT_PRODUCTS_DIR; };
		0E3872041DC3033F00698B90 /* caaUITests.m */ = {isa = PBXFileReference; lastKnownFileType = sourcecode.c.objc; path = caaUITests.m; sourceTree = "<group>"; };
		0E3872061DC3033F00698B90 /* Info.plist */ = {isa = PBXFileReference; lastKnownFileType = text.plist.xml; path = Info.plist; sourceTree = "<group>"; };
		0E3872501DC3247100698B90 /* caa-Prefix.pch */ = {isa = PBXFileReference; fileEncoding = 4; lastKnownFileType = sourcecode.c.h; path = "caa-Prefix.pch"; sourceTree = "<group>"; };
		0E3872511DC3287A00698B90 /* ColorDef.h */ = {isa = PBXFileReference; fileEncoding = 4; lastKnownFileType = sourcecode.c.h; name = ColorDef.h; path = Classes/Setting/ColorDef.h; sourceTree = "<group>"; };
		0E3872521DC3287A00698B90 /* CommonDef.h */ = {isa = PBXFileReference; fileEncoding = 4; lastKnownFileType = sourcecode.c.h; name = CommonDef.h; path = Classes/Setting/CommonDef.h; sourceTree = "<group>"; };
		0E3872531DC3287A00698B90 /* ParamsDef.h */ = {isa = PBXFileReference; fileEncoding = 4; lastKnownFileType = sourcecode.c.h; name = ParamsDef.h; path = Classes/Setting/ParamsDef.h; sourceTree = "<group>"; };
		0E3872541DC3287A00698B90 /* Singleton.h */ = {isa = PBXFileReference; fileEncoding = 4; lastKnownFileType = sourcecode.c.h; name = Singleton.h; path = Classes/Setting/Singleton.h; sourceTree = "<group>"; };
		0E3872551DC328A900698B90 /* EncryptionData.h */ = {isa = PBXFileReference; fileEncoding = 4; lastKnownFileType = sourcecode.c.h; name = EncryptionData.h; path = Classes/Thirds/EncryptionData.h; sourceTree = "<group>"; };
		0E3872561DC328A900698B90 /* EncryptionData.m */ = {isa = PBXFileReference; fileEncoding = 4; lastKnownFileType = sourcecode.c.objc; name = EncryptionData.m; path = Classes/Thirds/EncryptionData.m; sourceTree = "<group>"; };
		0E3872571DC328A900698B90 /* HYAlertView.h */ = {isa = PBXFileReference; fileEncoding = 4; lastKnownFileType = sourcecode.c.h; name = HYAlertView.h; path = Classes/Thirds/HYAlertView.h; sourceTree = "<group>"; };
		0E3872581DC328A900698B90 /* HYAlertView.m */ = {isa = PBXFileReference; fileEncoding = 4; lastKnownFileType = sourcecode.c.objc; name = HYAlertView.m; path = Classes/Thirds/HYAlertView.m; sourceTree = "<group>"; };
		0E3872591DC328A900698B90 /* JSONKit.h */ = {isa = PBXFileReference; fileEncoding = 4; lastKnownFileType = sourcecode.c.h; name = JSONKit.h; path = Classes/Thirds/JSONKit.h; sourceTree = "<group>"; };
		0E38725A1DC328A900698B90 /* JSONKit.m */ = {isa = PBXFileReference; fileEncoding = 4; lastKnownFileType = sourcecode.c.objc; name = JSONKit.m; path = Classes/Thirds/JSONKit.m; sourceTree = "<group>"; };
		0E38725B1DC328A900698B90 /* LGReachability.h */ = {isa = PBXFileReference; fileEncoding = 4; lastKnownFileType = sourcecode.c.h; name = LGReachability.h; path = Classes/Thirds/LGReachability.h; sourceTree = "<group>"; };
		0E38725C1DC328A900698B90 /* LGReachability.m */ = {isa = PBXFileReference; fileEncoding = 4; lastKnownFileType = sourcecode.c.objc; name = LGReachability.m; path = Classes/Thirds/LGReachability.m; sourceTree = "<group>"; };
		0E3872611DC328BC00698B90 /* BaseModel.h */ = {isa = PBXFileReference; fileEncoding = 4; lastKnownFileType = sourcecode.c.h; name = BaseModel.h; path = Classes/BaseCommon/BaseModel.h; sourceTree = "<group>"; };
		0E3872621DC328BC00698B90 /* BaseModel.m */ = {isa = PBXFileReference; fileEncoding = 4; lastKnownFileType = sourcecode.c.objc; name = BaseModel.m; path = Classes/BaseCommon/BaseModel.m; sourceTree = "<group>"; };
		0E3872631DC328BC00698B90 /* BaseViewController.h */ = {isa = PBXFileReference; fileEncoding = 4; lastKnownFileType = sourcecode.c.h; name = BaseViewController.h; path = Classes/BaseCommon/BaseViewController.h; sourceTree = "<group>"; };
		0E3872641DC328BC00698B90 /* BaseViewController.m */ = {isa = PBXFileReference; fileEncoding = 4; lastKnownFileType = sourcecode.c.objc; name = BaseViewController.m; path = Classes/BaseCommon/BaseViewController.m; sourceTree = "<group>"; };
		0E3872651DC328BC00698B90 /* TabBarViewController.h */ = {isa = PBXFileReference; fileEncoding = 4; lastKnownFileType = sourcecode.c.h; name = TabBarViewController.h; path = Classes/BaseCommon/TabBarViewController.h; sourceTree = "<group>"; };
		0E3872661DC328BC00698B90 /* TabBarViewController.m */ = {isa = PBXFileReference; fileEncoding = 4; lastKnownFileType = sourcecode.c.objc; name = TabBarViewController.m; path = Classes/BaseCommon/TabBarViewController.m; sourceTree = "<group>"; };
		0E38726A1DC328D300698B90 /* MineViewController.h */ = {isa = PBXFileReference; fileEncoding = 4; lastKnownFileType = sourcecode.c.h; name = MineViewController.h; path = Classes/Mine/Controller/MineViewController.h; sourceTree = "<group>"; };
		0E38726B1DC328D300698B90 /* MineViewController.m */ = {isa = PBXFileReference; fileEncoding = 4; lastKnownFileType = sourcecode.c.objc; name = MineViewController.m; path = Classes/Mine/Controller/MineViewController.m; sourceTree = "<group>"; };
		0E38726D1DC328E700698B90 /* HomeViewController.h */ = {isa = PBXFileReference; fileEncoding = 4; lastKnownFileType = sourcecode.c.h; name = HomeViewController.h; path = Classes/Home/Controller/HomeViewController.h; sourceTree = "<group>"; };
		0E38726E1DC328E700698B90 /* HomeViewController.m */ = {isa = PBXFileReference; fileEncoding = 4; lastKnownFileType = sourcecode.c.objc; name = HomeViewController.m; path = Classes/Home/Controller/HomeViewController.m; sourceTree = "<group>"; };
		0E3872701DC3290500698B90 /* GetDataHandle.h */ = {isa = PBXFileReference; fileEncoding = 4; lastKnownFileType = sourcecode.c.h; name = GetDataHandle.h; path = Classes/Service/GetDataHandle.h; sourceTree = "<group>"; };
		0E3872711DC3290500698B90 /* GetDataHandle.m */ = {isa = PBXFileReference; fileEncoding = 4; lastKnownFileType = sourcecode.c.objc; name = GetDataHandle.m; path = Classes/Service/GetDataHandle.m; sourceTree = "<group>"; };
		0E3872741DC32D3700698B90 /* LoginViewController.h */ = {isa = PBXFileReference; fileEncoding = 4; lastKnownFileType = sourcecode.c.h; name = LoginViewController.h; path = Classes/Mine/Controller/LoginAndRegister/LoginViewController.h; sourceTree = "<group>"; };
		0E3872751DC32D3700698B90 /* LoginViewController.m */ = {isa = PBXFileReference; fileEncoding = 4; lastKnownFileType = sourcecode.c.objc; name = LoginViewController.m; path = Classes/Mine/Controller/LoginAndRegister/LoginViewController.m; sourceTree = "<group>"; };
		0E3872771DC32D5100698B90 /* RegisterViewController.h */ = {isa = PBXFileReference; fileEncoding = 4; lastKnownFileType = sourcecode.c.h; name = RegisterViewController.h; path = Classes/Mine/Controller/LoginAndRegister/RegisterViewController.h; sourceTree = "<group>"; };
		0E3872781DC32D5100698B90 /* RegisterViewController.m */ = {isa = PBXFileReference; fileEncoding = 4; lastKnownFileType = sourcecode.c.objc; name = RegisterViewController.m; path = Classes/Mine/Controller/LoginAndRegister/RegisterViewController.m; sourceTree = "<group>"; };
		0E38727A1DC32EF500698B90 /* GetBackPassWordViewController.h */ = {isa = PBXFileReference; fileEncoding = 4; lastKnownFileType = sourcecode.c.h; name = GetBackPassWordViewController.h; path = Classes/Mine/Controller/LoginAndRegister/GetBackPassWordViewController.h; sourceTree = "<group>"; };
		0E38727B1DC32EF500698B90 /* GetBackPassWordViewController.m */ = {isa = PBXFileReference; fileEncoding = 4; lastKnownFileType = sourcecode.c.objc; name = GetBackPassWordViewController.m; path = Classes/Mine/Controller/LoginAndRegister/GetBackPassWordViewController.m; sourceTree = "<group>"; };
		0E38727D1DC330D300698B90 /* VerLoginViewController.h */ = {isa = PBXFileReference; fileEncoding = 4; lastKnownFileType = sourcecode.c.h; name = VerLoginViewController.h; path = Classes/Mine/Controller/LoginAndRegister/VerLoginViewController.h; sourceTree = "<group>"; };
		0E38727E1DC330D300698B90 /* VerLoginViewController.m */ = {isa = PBXFileReference; fileEncoding = 4; lastKnownFileType = sourcecode.c.objc; name = VerLoginViewController.m; path = Classes/Mine/Controller/LoginAndRegister/VerLoginViewController.m; sourceTree = "<group>"; };
		0E3872991DC33E6E00698B90 /* MBProgressHUD+Package.h */ = {isa = PBXFileReference; fileEncoding = 4; lastKnownFileType = sourcecode.c.h; name = "MBProgressHUD+Package.h"; path = "Classes/Category/MBProgressHUD+Package.h"; sourceTree = "<group>"; };
		0E38729A1DC33E6E00698B90 /* MBProgressHUD+Package.m */ = {isa = PBXFileReference; fileEncoding = 4; lastKnownFileType = sourcecode.c.objc; name = "MBProgressHUD+Package.m"; path = "Classes/Category/MBProgressHUD+Package.m"; sourceTree = "<group>"; };
		0E38729B1DC33E6E00698B90 /* NSString+Additions.h */ = {isa = PBXFileReference; fileEncoding = 4; lastKnownFileType = sourcecode.c.h; name = "NSString+Additions.h"; path = "Classes/Category/NSString+Additions.h"; sourceTree = "<group>"; };
		0E38729C1DC33E6E00698B90 /* NSString+Additions.m */ = {isa = PBXFileReference; fileEncoding = 4; lastKnownFileType = sourcecode.c.objc; name = "NSString+Additions.m"; path = "Classes/Category/NSString+Additions.m"; sourceTree = "<group>"; };
		0E38729D1DC33E6E00698B90 /* UIView+LayerAttributes.h */ = {isa = PBXFileReference; fileEncoding = 4; lastKnownFileType = sourcecode.c.h; name = "UIView+LayerAttributes.h"; path = "Classes/Category/UIView+LayerAttributes.h"; sourceTree = "<group>"; };
		0E38729E1DC33E6E00698B90 /* UIView+LayerAttributes.m */ = {isa = PBXFileReference; fileEncoding = 4; lastKnownFileType = sourcecode.c.objc; name = "UIView+LayerAttributes.m"; path = "Classes/Category/UIView+LayerAttributes.m"; sourceTree = "<group>"; };
		0E38729F1DC33E6E00698B90 /* UIViewAdditions.h */ = {isa = PBXFileReference; fileEncoding = 4; lastKnownFileType = sourcecode.c.h; name = UIViewAdditions.h; path = Classes/Category/UIViewAdditions.h; sourceTree = "<group>"; };
		0E3872A01DC33E6E00698B90 /* UIViewAdditions.m */ = {isa = PBXFileReference; fileEncoding = 4; lastKnownFileType = sourcecode.c.objc; name = UIViewAdditions.m; path = Classes/Category/UIViewAdditions.m; sourceTree = "<group>"; };
		0E621C841DC4B98F00D1136A /* libc++abi.tbd */ = {isa = PBXFileReference; lastKnownFileType = "sourcecode.text-based-dylib-definition"; name = "libc++abi.tbd"; path = "usr/lib/libc++abi.tbd"; sourceTree = SDKROOT; };
		0E621C861DC4B9BF00D1136A /* libsqlite3.0.tbd */ = {isa = PBXFileReference; lastKnownFileType = "sourcecode.text-based-dylib-definition"; name = libsqlite3.0.tbd; path = usr/lib/libsqlite3.0.tbd; sourceTree = SDKROOT; };
		0E6BBADE1DC9D70300A01F44 /* BusinessChooseViewController.h */ = {isa = PBXFileReference; fileEncoding = 4; lastKnownFileType = sourcecode.c.h; name = BusinessChooseViewController.h; path = Classes/Home/Controller/BusinessChooseViewController.h; sourceTree = "<group>"; };
		0E6BBADF1DC9D70300A01F44 /* BusinessChooseViewController.m */ = {isa = PBXFileReference; fileEncoding = 4; lastKnownFileType = sourcecode.c.objc; name = BusinessChooseViewController.m; path = Classes/Home/Controller/BusinessChooseViewController.m; sourceTree = "<group>"; };
		0E6BBAE21DCA0DDF00A01F44 /* ImagesPicker.xcassets */ = {isa = PBXFileReference; lastKnownFileType = folder.assetcatalog; name = ImagesPicker.xcassets; path = ../../Downloads/imagePickerNew/imagePickerNew/ImagePicker/Assets/ImagesPicker.xcassets; sourceTree = "<group>"; };
		0E6BBAE31DCA0DDF00A01F44 /* JKAssets.h */ = {isa = PBXFileReference; fileEncoding = 4; lastKnownFileType = sourcecode.c.h; name = JKAssets.h; path = ../../Downloads/imagePickerNew/imagePickerNew/ImagePicker/Classes/JKAssets.h; sourceTree = "<group>"; };
		0E6BBAE41DCA0DDF00A01F44 /* JKAssets.m */ = {isa = PBXFileReference; fileEncoding = 4; lastKnownFileType = sourcecode.c.objc; name = JKAssets.m; path = ../../Downloads/imagePickerNew/imagePickerNew/ImagePicker/Classes/JKAssets.m; sourceTree = "<group>"; };
		0E6BBAE51DCA0DDF00A01F44 /* JKAssetsCollectionFooterView.h */ = {isa = PBXFileReference; fileEncoding = 4; lastKnownFileType = sourcecode.c.h; name = JKAssetsCollectionFooterView.h; path = ../../Downloads/imagePickerNew/imagePickerNew/ImagePicker/Classes/JKAssetsCollectionFooterView.h; sourceTree = "<group>"; };
		0E6BBAE61DCA0DDF00A01F44 /* JKAssetsCollectionFooterView.m */ = {isa = PBXFileReference; fileEncoding = 4; lastKnownFileType = sourcecode.c.objc; name = JKAssetsCollectionFooterView.m; path = ../../Downloads/imagePickerNew/imagePickerNew/ImagePicker/Classes/JKAssetsCollectionFooterView.m; sourceTree = "<group>"; };
		0E6BBAE71DCA0DDF00A01F44 /* JKAssetsGroupCell.h */ = {isa = PBXFileReference; fileEncoding = 4; lastKnownFileType = sourcecode.c.h; name = JKAssetsGroupCell.h; path = ../../Downloads/imagePickerNew/imagePickerNew/ImagePicker/Classes/JKAssetsGroupCell.h; sourceTree = "<group>"; };
		0E6BBAE81DCA0DDF00A01F44 /* JKAssetsGroupCell.m */ = {isa = PBXFileReference; fileEncoding = 4; lastKnownFileType = sourcecode.c.objc; name = JKAssetsGroupCell.m; path = ../../Downloads/imagePickerNew/imagePickerNew/ImagePicker/Classes/JKAssetsGroupCell.m; sourceTree = "<group>"; };
		0E6BBAE91DCA0DDF00A01F44 /* JKAssetsGroupsView.h */ = {isa = PBXFileReference; fileEncoding = 4; lastKnownFileType = sourcecode.c.h; name = JKAssetsGroupsView.h; path = ../../Downloads/imagePickerNew/imagePickerNew/ImagePicker/Classes/JKAssetsGroupsView.h; sourceTree = "<group>"; };
		0E6BBAEA1DCA0DDF00A01F44 /* JKAssetsGroupsView.m */ = {isa = PBXFileReference; fileEncoding = 4; lastKnownFileType = sourcecode.c.objc; name = JKAssetsGroupsView.m; path = ../../Downloads/imagePickerNew/imagePickerNew/ImagePicker/Classes/JKAssetsGroupsView.m; sourceTree = "<group>"; };
		0E6BBAEB1DCA0DDF00A01F44 /* JKAssetsThumbnailView.h */ = {isa = PBXFileReference; fileEncoding = 4; lastKnownFileType = sourcecode.c.h; name = JKAssetsThumbnailView.h; path = ../../Downloads/imagePickerNew/imagePickerNew/ImagePicker/Classes/JKAssetsThumbnailView.h; sourceTree = "<group>"; };
		0E6BBAEC1DCA0DDF00A01F44 /* JKAssetsThumbnailView.m */ = {isa = PBXFileReference; fileEncoding = 4; lastKnownFileType = sourcecode.c.objc; name = JKAssetsThumbnailView.m; path = ../../Downloads/imagePickerNew/imagePickerNew/ImagePicker/Classes/JKAssetsThumbnailView.m; sourceTree = "<group>"; };
		0E6BBAED1DCA0DDF00A01F44 /* JKAssetsViewCell.h */ = {isa = PBXFileReference; fileEncoding = 4; lastKnownFileType = sourcecode.c.h; name = JKAssetsViewCell.h; path = ../../Downloads/imagePickerNew/imagePickerNew/ImagePicker/Classes/JKAssetsViewCell.h; sourceTree = "<group>"; };
		0E6BBAEE1DCA0DDF00A01F44 /* JKAssetsViewCell.m */ = {isa = PBXFileReference; fileEncoding = 4; lastKnownFileType = sourcecode.c.objc; name = JKAssetsViewCell.m; path = ../../Downloads/imagePickerNew/imagePickerNew/ImagePicker/Classes/JKAssetsViewCell.m; sourceTree = "<group>"; };
		0E6BBAEF1DCA0DDF00A01F44 /* JKImagePickerController.h */ = {isa = PBXFileReference; fileEncoding = 4; lastKnownFileType = sourcecode.c.h; name = JKImagePickerController.h; path = ../../Downloads/imagePickerNew/imagePickerNew/ImagePicker/Classes/JKImagePickerController.h; sourceTree = "<group>"; };
		0E6BBAF01DCA0DDF00A01F44 /* JKImagePickerController.m */ = {isa = PBXFileReference; fileEncoding = 4; lastKnownFileType = sourcecode.c.objc; name = JKImagePickerController.m; path = ../../Downloads/imagePickerNew/imagePickerNew/ImagePicker/Classes/JKImagePickerController.m; sourceTree = "<group>"; };
		0E6BBAF21DCA0DDF00A01F44 /* en */ = {isa = PBXFileReference; lastKnownFileType = text.plist.strings; name = en; path = ../../Downloads/imagePickerNew/imagePickerNew/ImagePicker/Assets/en.lproj/JKImagePickerController.strings; sourceTree = "<group>"; };
		0E6BBAF31DCA0DDF00A01F44 /* JKPhotoBrowser.h */ = {isa = PBXFileReference; fileEncoding = 4; lastKnownFileType = sourcecode.c.h; name = JKPhotoBrowser.h; path = ../../Downloads/imagePickerNew/imagePickerNew/ImagePicker/Classes/JKPhotoBrowser.h; sourceTree = "<group>"; };
		0E6BBAF41DCA0DDF00A01F44 /* JKPhotoBrowser.m */ = {isa = PBXFileReference; fileEncoding = 4; lastKnownFileType = sourcecode.c.objc; name = JKPhotoBrowser.m; path = ../../Downloads/imagePickerNew/imagePickerNew/ImagePicker/Classes/JKPhotoBrowser.m; sourceTree = "<group>"; };
		0E6BBAF51DCA0DDF00A01F44 /* JKPhotoBrowserCell.h */ = {isa = PBXFileReference; fileEncoding = 4; lastKnownFileType = sourcecode.c.h; name = JKPhotoBrowserCell.h; path = ../../Downloads/imagePickerNew/imagePickerNew/ImagePicker/Classes/JKPhotoBrowserCell.h; sourceTree = "<group>"; };
		0E6BBAF61DCA0DDF00A01F44 /* JKPhotoBrowserCell.m */ = {isa = PBXFileReference; fileEncoding = 4; lastKnownFileType = sourcecode.c.objc; name = JKPhotoBrowserCell.m; path = ../../Downloads/imagePickerNew/imagePickerNew/ImagePicker/Classes/JKPhotoBrowserCell.m; sourceTree = "<group>"; };
		0E6BBAF71DCA0DDF00A01F44 /* JKPromptView.h */ = {isa = PBXFileReference; fileEncoding = 4; lastKnownFileType = sourcecode.c.h; name = JKPromptView.h; path = ../../Downloads/imagePickerNew/imagePickerNew/ImagePicker/Classes/JKPromptView.h; sourceTree = "<group>"; };
		0E6BBAF81DCA0DDF00A01F44 /* JKPromptView.m */ = {isa = PBXFileReference; fileEncoding = 4; lastKnownFileType = sourcecode.c.objc; name = JKPromptView.m; path = ../../Downloads/imagePickerNew/imagePickerNew/ImagePicker/Classes/JKPromptView.m; sourceTree = "<group>"; };
		0E6BBAF91DCA0DDF00A01F44 /* JKUtil.h */ = {isa = PBXFileReference; fileEncoding = 4; lastKnownFileType = sourcecode.c.h; name = JKUtil.h; path = ../../Downloads/imagePickerNew/imagePickerNew/ImagePicker/Classes/JKUtil.h; sourceTree = "<group>"; };
		0E6BBAFA1DCA0DDF00A01F44 /* JKUtil.m */ = {isa = PBXFileReference; fileEncoding = 4; lastKnownFileType = sourcecode.c.objc; name = JKUtil.m; path = ../../Downloads/imagePickerNew/imagePickerNew/ImagePicker/Classes/JKUtil.m; sourceTree = "<group>"; };
		0E6BBAFB1DCA0DDF00A01F44 /* PhotoAlbumManager.h */ = {isa = PBXFileReference; fileEncoding = 4; lastKnownFileType = sourcecode.c.h; name = PhotoAlbumManager.h; path = ../../Downloads/imagePickerNew/imagePickerNew/ImagePicker/Classes/PhotoAlbumManager.h; sourceTree = "<group>"; };
		0E6BBAFC1DCA0DDF00A01F44 /* PhotoAlbumManager.m */ = {isa = PBXFileReference; fileEncoding = 4; lastKnownFileType = sourcecode.c.objc; name = PhotoAlbumManager.m; path = ../../Downloads/imagePickerNew/imagePickerNew/ImagePicker/Classes/PhotoAlbumManager.m; sourceTree = "<group>"; };
		0E6BBAFD1DCA0DDF00A01F44 /* UIView+JKPicker.h */ = {isa = PBXFileReference; fileEncoding = 4; lastKnownFileType = sourcecode.c.h; name = "UIView+JKPicker.h"; path = "../../Downloads/imagePickerNew/imagePickerNew/ImagePicker/Classes/UIView+JKPicker.h"; sourceTree = "<group>"; };
		0E6BBAFE1DCA0DDF00A01F44 /* UIView+JKPicker.m */ = {isa = PBXFileReference; fileEncoding = 4; lastKnownFileType = sourcecode.c.objc; name = "UIView+JKPicker.m"; path = "../../Downloads/imagePickerNew/imagePickerNew/ImagePicker/Classes/UIView+JKPicker.m"; sourceTree = "<group>"; };
		0E6BBB0E1DCA0E0400A01F44 /* AVFoundation.framework */ = {isa = PBXFileReference; lastKnownFileType = wrapper.framework; name = AVFoundation.framework; path = System/Library/Frameworks/AVFoundation.framework; sourceTree = SDKROOT; };
		0E6BBB101DCA107200A01F44 /* Photos.framework */ = {isa = PBXFileReference; lastKnownFileType = wrapper.framework; name = Photos.framework; path = System/Library/Frameworks/Photos.framework; sourceTree = SDKROOT; };
		0E70126C1DC6E25E00E22A68 /* NotificationConfigure.h */ = {isa = PBXFileReference; fileEncoding = 4; lastKnownFileType = sourcecode.c.h; path = NotificationConfigure.h; sourceTree = "<group>"; };
		0E70126D1DC6E25E00E22A68 /* NotificationConfigure.m */ = {isa = PBXFileReference; fileEncoding = 4; lastKnownFileType = sourcecode.c.objc; path = NotificationConfigure.m; sourceTree = "<group>"; };
		0E70126F1DC766B800E22A68 /* PerAdMesViewController.h */ = {isa = PBXFileReference; fileEncoding = 4; lastKnownFileType = sourcecode.c.h; name = PerAdMesViewController.h; path = Classes/Home/Controller/PerAdMesViewController.h; sourceTree = "<group>"; };
		0E7012701DC766B800E22A68 /* PerAdMesViewController.m */ = {isa = PBXFileReference; fileEncoding = 4; lastKnownFileType = sourcecode.c.objc; name = PerAdMesViewController.m; path = Classes/Home/Controller/PerAdMesViewController.m; sourceTree = "<group>"; };
		0E76D7911DCD845F0066544C /* AdMsgModel.h */ = {isa = PBXFileReference; fileEncoding = 4; lastKnownFileType = sourcecode.c.h; name = AdMsgModel.h; path = Classes/Home/Model/AdMsgModel.h; sourceTree = "<group>"; };
		0E76D7921DCD845F0066544C /* AdMsgModel.m */ = {isa = PBXFileReference; fileEncoding = 4; lastKnownFileType = sourcecode.c.objc; name = AdMsgModel.m; path = Classes/Home/Model/AdMsgModel.m; sourceTree = "<group>"; };
		0E76D7941DCD8D260066544C /* CityModel.h */ = {isa = PBXFileReference; fileEncoding = 4; lastKnownFileType = sourcecode.c.h; name = CityModel.h; path = Classes/Home/Model/CityModel.h; sourceTree = "<group>"; };
		0E76D7951DCD8D260066544C /* CityModel.m */ = {isa = PBXFileReference; fileEncoding = 4; lastKnownFileType = sourcecode.c.objc; name = CityModel.m; path = Classes/Home/Model/CityModel.m; sourceTree = "<group>"; };
		0E76D7971DCDA49A0066544C /* UrbanModel.h */ = {isa = PBXFileReference; fileEncoding = 4; lastKnownFileType = sourcecode.c.h; name = UrbanModel.h; path = Classes/Home/Model/UrbanModel.h; sourceTree = "<group>"; };
		0E76D7981DCDA49A0066544C /* UrbanModel.m */ = {isa = PBXFileReference; fileEncoding = 4; lastKnownFileType = sourcecode.c.objc; name = UrbanModel.m; path = Classes/Home/Model/UrbanModel.m; sourceTree = "<group>"; };
		0E76D79A1DCDA4CA0066544C /* BusinessCircleModel.h */ = {isa = PBXFileReference; fileEncoding = 4; lastKnownFileType = sourcecode.c.h; path = BusinessCircleModel.h; sourceTree = "<group>"; };
		0E76D79B1DCDA4CA0066544C /* BusinessCircleModel.m */ = {isa = PBXFileReference; fileEncoding = 4; lastKnownFileType = sourcecode.c.objc; path = BusinessCircleModel.m; sourceTree = "<group>"; };
		0E76D79D1DCDAEA10066544C /* DateModel.h */ = {isa = PBXFileReference; fileEncoding = 4; lastKnownFileType = sourcecode.c.h; name = DateModel.h; path = Classes/Home/Model/DateModel.h; sourceTree = "<group>"; };
		0E76D79E1DCDAEA10066544C /* DateModel.m */ = {isa = PBXFileReference; fileEncoding = 4; lastKnownFileType = sourcecode.c.objc; name = DateModel.m; path = Classes/Home/Model/DateModel.m; sourceTree = "<group>"; };
		0E76D7A31DCDB4950066544C /* EqModel.h */ = {isa = PBXFileReference; fileEncoding = 4; lastKnownFileType = sourcecode.c.h; name = EqModel.h; path = Classes/Home/Model/EqModel.h; sourceTree = "<group>"; };
		0E76D7A41DCDB4950066544C /* EqModel.m */ = {isa = PBXFileReference; fileEncoding = 4; lastKnownFileType = sourcecode.c.objc; name = EqModel.m; path = Classes/Home/Model/EqModel.m; sourceTree = "<group>"; };
		0E76D7A61DCDC56D0066544C /* MineReleaseViewController.h */ = {isa = PBXFileReference; fileEncoding = 4; lastKnownFileType = sourcecode.c.h; name = MineReleaseViewController.h; path = Classes/Mine/Controller/MineReleaseViewController.h; sourceTree = "<group>"; };
		0E76D7A71DCDC56D0066544C /* MineReleaseViewController.m */ = {isa = PBXFileReference; fileEncoding = 4; lastKnownFileType = sourcecode.c.objc; name = MineReleaseViewController.m; path = Classes/Mine/Controller/MineReleaseViewController.m; sourceTree = "<group>"; };
		0E76D7A91DCDC58D0066544C /* HistoryReleaseViewController.h */ = {isa = PBXFileReference; fileEncoding = 4; lastKnownFileType = sourcecode.c.h; name = HistoryReleaseViewController.h; path = Classes/Mine/Controller/HistoryReleaseViewController.h; sourceTree = "<group>"; };
		0E76D7AA1DCDC58D0066544C /* HistoryReleaseViewController.m */ = {isa = PBXFileReference; fileEncoding = 4; lastKnownFileType = sourcecode.c.objc; name = HistoryReleaseViewController.m; path = Classes/Mine/Controller/HistoryReleaseViewController.m; sourceTree = "<group>"; };
		0E76E26A1DC8337E008A06C1 /* GraphicLeadViewController.h */ = {isa = PBXFileReference; fileEncoding = 4; lastKnownFileType = sourcecode.c.h; name = GraphicLeadViewController.h; path = Classes/Home/Controller/GraphicLeadViewController.h; sourceTree = "<group>"; };
		0E76E26B1DC8337E008A06C1 /* GraphicLeadViewController.m */ = {isa = PBXFileReference; fileEncoding = 4; lastKnownFileType = sourcecode.c.objc; name = GraphicLeadViewController.m; path = Classes/Home/Controller/GraphicLeadViewController.m; sourceTree = "<group>"; };
		0E76E2721DC8693B008A06C1 /* CFNetwork.framework */ = {isa = PBXFileReference; lastKnownFileType = wrapper.framework; name = CFNetwork.framework; path = System/Library/Frameworks/CFNetwork.framework; sourceTree = SDKROOT; };
		0E76E2741DC86945008A06C1 /* CoreFoundation.framework */ = {isa = PBXFileReference; lastKnownFileType = wrapper.framework; name = CoreFoundation.framework; path = System/Library/Frameworks/CoreFoundation.framework; sourceTree = SDKROOT; };
		0E76E2761DC86950008A06C1 /* CoreTelephony.framework */ = {isa = PBXFileReference; lastKnownFileType = wrapper.framework; name = CoreTelephony.framework; path = System/Library/Frameworks/CoreTelephony.framework; sourceTree = SDKROOT; };
		0E76E2781DC8695C008A06C1 /* SystemConfiguration.framework */ = {isa = PBXFileReference; lastKnownFileType = wrapper.framework; name = SystemConfiguration.framework; path = System/Library/Frameworks/SystemConfiguration.framework; sourceTree = SDKROOT; };
		0E76E27A1DC8696A008A06C1 /* CoreGraphics.framework */ = {isa = PBXFileReference; lastKnownFileType = wrapper.framework; name = CoreGraphics.framework; path = System/Library/Frameworks/CoreGraphics.framework; sourceTree = SDKROOT; };
		0E76E27C1DC86973008A06C1 /* UIKit.framework */ = {isa = PBXFileReference; lastKnownFileType = wrapper.framework; name = UIKit.framework; path = System/Library/Frameworks/UIKit.framework; sourceTree = SDKROOT; };
		0E76E27E1DC8697E008A06C1 /* Security.framework */ = {isa = PBXFileReference; lastKnownFileType = wrapper.framework; name = Security.framework; path = System/Library/Frameworks/Security.framework; sourceTree = SDKROOT; };
		0E76E2801DC86999008A06C1 /* UserNotifications.framework */ = {isa = PBXFileReference; lastKnownFileType = wrapper.framework; name = UserNotifications.framework; path = System/Library/Frameworks/UserNotifications.framework; sourceTree = SDKROOT; };
		0E76E2821DC86A4A008A06C1 /* caa.entitlements */ = {isa = PBXFileReference; lastKnownFileType = text.plist.entitlements; path = caa.entitlements; sourceTree = "<group>"; };
		0E76E2871DC86CB6008A06C1 /* jpush-ios-2.2.0.a */ = {isa = PBXFileReference; lastKnownFileType = archive.ar; name = "jpush-ios-2.2.0.a"; path = "Classes/Thirds/jpush-ios-2.2.0.a"; sourceTree = "<group>"; };
		0E76E2881DC86CB6008A06C1 /* JPUSHService.h */ = {isa = PBXFileReference; fileEncoding = 4; lastKnownFileType = sourcecode.c.h; name = JPUSHService.h; path = Classes/Thirds/JPUSHService.h; sourceTree = "<group>"; };
		0E76E28A1DC87A80008A06C1 /* libz.1.2.8.tbd */ = {isa = PBXFileReference; lastKnownFileType = "sourcecode.text-based-dylib-definition"; name = libz.1.2.8.tbd; path = usr/lib/libz.1.2.8.tbd; sourceTree = SDKROOT; };
		0E76E28C1DC88504008A06C1 /* Foundation.framework */ = {isa = PBXFileReference; lastKnownFileType = wrapper.framework; name = Foundation.framework; path = System/Library/Frameworks/Foundation.framework; sourceTree = SDKROOT; };
		0E76E28E1DC88518008A06C1 /* libresolv.tbd */ = {isa = PBXFileReference; lastKnownFileType = "sourcecode.text-based-dylib-definition"; name = libresolv.tbd; path = usr/lib/libresolv.tbd; sourceTree = SDKROOT; };
		0E812A661DCAD99500076EC1 /* XWScanImage.h */ = {isa = PBXFileReference; fileEncoding = 4; lastKnownFileType = sourcecode.c.h; name = XWScanImage.h; path = Classes/Thirds/XWScanImage/XWScanImage.h; sourceTree = "<group>"; };
		0E812A671DCAD99500076EC1 /* XWScanImage.m */ = {isa = PBXFileReference; fileEncoding = 4; lastKnownFileType = sourcecode.c.objc; name = XWScanImage.m; path = Classes/Thirds/XWScanImage/XWScanImage.m; sourceTree = "<group>"; };
		0E812A691DCADCB100076EC1 /* TextView.h */ = {isa = PBXFileReference; fileEncoding = 4; lastKnownFileType = sourcecode.c.h; name = TextView.h; path = Classes/Home/View/TextView.h; sourceTree = "<group>"; };
		0E812A6A1DCADCB100076EC1 /* TextView.m */ = {isa = PBXFileReference; fileEncoding = 4; lastKnownFileType = sourcecode.c.objc; name = TextView.m; path = Classes/Home/View/TextView.m; sourceTree = "<group>"; };
		0E812A6C1DCB2C8500076EC1 /* ReleaseDetailViewController.h */ = {isa = PBXFileReference; fileEncoding = 4; lastKnownFileType = sourcecode.c.h; name = ReleaseDetailViewController.h; path = Classes/Home/Controller/ReleaseDetailViewController.h; sourceTree = "<group>"; };
		0E812A6D1DCB2C8500076EC1 /* ReleaseDetailViewController.m */ = {isa = PBXFileReference; fileEncoding = 4; lastKnownFileType = sourcecode.c.objc; name = ReleaseDetailViewController.m; path = Classes/Home/Controller/ReleaseDetailViewController.m; sourceTree = "<group>"; };
		0E812A6F1DCB2DB900076EC1 /* ScreenDetailViewController.h */ = {isa = PBXFileReference; fileEncoding = 4; lastKnownFileType = sourcecode.c.h; name = ScreenDetailViewController.h; path = Classes/Home/Controller/ScreenDetailViewController.h; sourceTree = "<group>"; };
		0E812A701DCB2DB900076EC1 /* ScreenDetailViewController.m */ = {isa = PBXFileReference; fileEncoding = 4; lastKnownFileType = sourcecode.c.objc; name = ScreenDetailViewController.m; path = Classes/Home/Controller/ScreenDetailViewController.m; sourceTree = "<group>"; };
		0E812A721DCB515700076EC1 /* ReleaseDetailTableViewCell.h */ = {isa = PBXFileReference; fileEncoding = 4; lastKnownFileType = sourcecode.c.h; name = ReleaseDetailTableViewCell.h; path = Classes/Home/View/ReleaseDetailTableViewCell.h; sourceTree = "<group>"; };
		0E812A731DCB515700076EC1 /* ReleaseDetailTableViewCell.m */ = {isa = PBXFileReference; fileEncoding = 4; lastKnownFileType = sourcecode.c.objc; name = ReleaseDetailTableViewCell.m; path = Classes/Home/View/ReleaseDetailTableViewCell.m; sourceTree = "<group>"; };
		0E8F2ADF1DCC3AC0002FDD23 /* DateAndEqViewController.h */ = {isa = PBXFileReference; fileEncoding = 4; lastKnownFileType = sourcecode.c.h; name = DateAndEqViewController.h; path = Classes/Home/Controller/DateAndEqViewController.h; sourceTree = "<group>"; };
		0E8F2AE01DCC3AC0002FDD23 /* DateAndEqViewController.m */ = {isa = PBXFileReference; fileEncoding = 4; lastKnownFileType = sourcecode.c.objc; name = DateAndEqViewController.m; path = Classes/Home/Controller/DateAndEqViewController.m; sourceTree = "<group>"; };
		0E8F2AE21DCC9360002FDD23 /* ReleaseSuccessViewController.h */ = {isa = PBXFileReference; fileEncoding = 4; lastKnownFileType = sourcecode.c.h; name = ReleaseSuccessViewController.h; path = Classes/Home/Controller/ReleaseSuccessViewController.h; sourceTree = "<group>"; };
		0E8F2AE31DCC9360002FDD23 /* ReleaseSuccessViewController.m */ = {isa = PBXFileReference; fileEncoding = 4; lastKnownFileType = sourcecode.c.objc; name = ReleaseSuccessViewController.m; path = Classes/Home/Controller/ReleaseSuccessViewController.m; sourceTree = "<group>"; };
		0EE24EF51DD2CA2100AE6199 /* PreView.h */ = {isa = PBXFileReference; fileEncoding = 4; lastKnownFileType = sourcecode.c.h; name = PreView.h; path = Classes/Home/View/PreView.h; sourceTree = "<group>"; };
		0EE24EF61DD2CA2100AE6199 /* PreView.m */ = {isa = PBXFileReference; fileEncoding = 4; lastKnownFileType = sourcecode.c.objc; name = PreView.m; path = Classes/Home/View/PreView.m; sourceTree = "<group>"; };
		9A8C8286377303B5211B415D /* Pods.release.xcconfig */ = {isa = PBXFileReference; includeInIndex = 1; lastKnownFileType = text.xcconfig; name = Pods.release.xcconfig; path = "Pods/Target Support Files/Pods/Pods.release.xcconfig"; sourceTree = "<group>"; };
		AD18A227BB14C06C5A522C46 /* libPods.a */ = {isa = PBXFileReference; explicitFileType = archive.ar; includeInIndex = 0; path = libPods.a; sourceTree = BUILT_PRODUCTS_DIR; };
		CC1B7E292FDBECF78930FC90 /* Pods.debug.xcconfig */ = {isa = PBXFileReference; includeInIndex = 1; lastKnownFileType = text.xcconfig; name = Pods.debug.xcconfig; path = "Pods/Target Support Files/Pods/Pods.debug.xcconfig"; sourceTree = "<group>"; };
/* End PBXFileReference section */

/* Begin PBXFrameworksBuildPhase section */
		0E3871D91DC3033F00698B90 /* Frameworks */ = {
			isa = PBXFrameworksBuildPhase;
			buildActionMask = 2147483647;
			files = (
				0E6BBB111DCA107200A01F44 /* Photos.framework in Frameworks */,
				0E6BBB0F1DCA0E0400A01F44 /* AVFoundation.framework in Frameworks */,
				0E76E28F1DC88518008A06C1 /* libresolv.tbd in Frameworks */,
				0E76E28D1DC88504008A06C1 /* Foundation.framework in Frameworks */,
				0E76E28B1DC87A80008A06C1 /* libz.1.2.8.tbd in Frameworks */,
				0E76E2811DC86999008A06C1 /* UserNotifications.framework in Frameworks */,
				0E76E27F1DC8697E008A06C1 /* Security.framework in Frameworks */,
				0E76E27D1DC86973008A06C1 /* UIKit.framework in Frameworks */,
				0E76E27B1DC8696A008A06C1 /* CoreGraphics.framework in Frameworks */,
				0E76E2791DC8695C008A06C1 /* SystemConfiguration.framework in Frameworks */,
				0E76E2771DC86950008A06C1 /* CoreTelephony.framework in Frameworks */,
				0E76E2751DC86945008A06C1 /* CoreFoundation.framework in Frameworks */,
				0E76E2891DC86CB6008A06C1 /* jpush-ios-2.2.0.a in Frameworks */,
				0E76E2731DC8693B008A06C1 /* CFNetwork.framework in Frameworks */,
				0E621C871DC4B9BF00D1136A /* libsqlite3.0.tbd in Frameworks */,
				0E621C851DC4B98F00D1136A /* libc++abi.tbd in Frameworks */,
				5C16BA70F86F124C17075DFC /* libPods.a in Frameworks */,
			);
			runOnlyForDeploymentPostprocessing = 0;
		};
		0E3871F21DC3033F00698B90 /* Frameworks */ = {
			isa = PBXFrameworksBuildPhase;
			buildActionMask = 2147483647;
			files = (
			);
			runOnlyForDeploymentPostprocessing = 0;
		};
		0E3871FD1DC3033F00698B90 /* Frameworks */ = {
			isa = PBXFrameworksBuildPhase;
			buildActionMask = 2147483647;
			files = (
			);
			runOnlyForDeploymentPostprocessing = 0;
		};
/* End PBXFrameworksBuildPhase section */

/* Begin PBXGroup section */
		0818F60434B2AEAF862ECE26 /* Pods */ = {
			isa = PBXGroup;
			children = (
				CC1B7E292FDBECF78930FC90 /* Pods.debug.xcconfig */,
				9A8C8286377303B5211B415D /* Pods.release.xcconfig */,
			);
			name = Pods;
			sourceTree = "<group>";
		};
		0E3871D31DC3033F00698B90 = {
			isa = PBXGroup;
			children = (
				0E3871DE1DC3033F00698B90 /* caa */,
				0E3871F81DC3033F00698B90 /* caaTests */,
				0E3872031DC3033F00698B90 /* caaUITests */,
				0E3871DD1DC3033F00698B90 /* Products */,
				0818F60434B2AEAF862ECE26 /* Pods */,
				32D775FAE73A06FF6B6A76B9 /* Frameworks */,
			);
			sourceTree = "<group>";
		};
		0E3871DD1DC3033F00698B90 /* Products */ = {
			isa = PBXGroup;
			children = (
				0E3871DC1DC3033F00698B90 /* caa.app */,
				0E3871F51DC3033F00698B90 /* caaTests.xctest */,
				0E3872001DC3033F00698B90 /* caaUITests.xctest */,
			);
			name = Products;
			sourceTree = "<group>";
		};
		0E3871DE1DC3033F00698B90 /* caa */ = {
			isa = PBXGroup;
			children = (
				0E76E2821DC86A4A008A06C1 /* caa.entitlements */,
				0E3872241DC310D900698B90 /* Classes */,
				0E3871E21DC3033F00698B90 /* AppDelegate.h */,
				0E3871E31DC3033F00698B90 /* AppDelegate.m */,
				0E3871E81DC3033F00698B90 /* Main.storyboard */,
				0E3871EB1DC3033F00698B90 /* Assets.xcassets */,
				0E3871ED1DC3033F00698B90 /* LaunchScreen.storyboard */,
				0E3871F01DC3033F00698B90 /* Info.plist */,
				0E3871DF1DC3033F00698B90 /* Supporting Files */,
			);
			path = caa;
			sourceTree = "<group>";
		};
		0E3871DF1DC3033F00698B90 /* Supporting Files */ = {
			isa = PBXGroup;
			children = (
				0E3872501DC3247100698B90 /* caa-Prefix.pch */,
				0E3871E01DC3033F00698B90 /* main.m */,
			);
			name = "Supporting Files";
			sourceTree = "<group>";
		};
		0E3871F81DC3033F00698B90 /* caaTests */ = {
			isa = PBXGroup;
			children = (
				0E3871F91DC3033F00698B90 /* caaTests.m */,
				0E3871FB1DC3033F00698B90 /* Info.plist */,
			);
			path = caaTests;
			sourceTree = "<group>";
		};
		0E3872031DC3033F00698B90 /* caaUITests */ = {
			isa = PBXGroup;
			children = (
				0E3872041DC3033F00698B90 /* caaUITests.m */,
				0E3872061DC3033F00698B90 /* Info.plist */,
			);
			path = caaUITests;
			sourceTree = "<group>";
		};
		0E38721E1DC3107600698B90 /* Home */ = {
			isa = PBXGroup;
			children = (
				0E3872271DC3112400698B90 /* Controller */,
				0E3872261DC3111D00698B90 /* View */,
				0E3872251DC3110E00698B90 /* Model */,
			);
			name = Home;
			sourceTree = "<group>";
		};
		0E38721F1DC3108E00698B90 /* BaseCommon */ = {
			isa = PBXGroup;
			children = (
				0E3872611DC328BC00698B90 /* BaseModel.h */,
				0E3872621DC328BC00698B90 /* BaseModel.m */,
				0E3872631DC328BC00698B90 /* BaseViewController.h */,
				0E3872641DC328BC00698B90 /* BaseViewController.m */,
				0E3872651DC328BC00698B90 /* TabBarViewController.h */,
				0E3872661DC328BC00698B90 /* TabBarViewController.m */,
			);
			name = BaseCommon;
			sourceTree = "<group>";
		};
		0E3872201DC310A700698B90 /* Thirds */ = {
			isa = PBXGroup;
			children = (
				0E812A651DCAD97D00076EC1 /* XWScanImage */,
				0E6BBAE11DCA0DB600A01F44 /* JKAssets */,
				0E76E2831DC86C41008A06C1 /* Push */,
				0E3872551DC328A900698B90 /* EncryptionData.h */,
				0E3872561DC328A900698B90 /* EncryptionData.m */,
				0E3872571DC328A900698B90 /* HYAlertView.h */,
				0E3872581DC328A900698B90 /* HYAlertView.m */,
				0E3872591DC328A900698B90 /* JSONKit.h */,
				0E38725A1DC328A900698B90 /* JSONKit.m */,
				0E38725B1DC328A900698B90 /* LGReachability.h */,
				0E38725C1DC328A900698B90 /* LGReachability.m */,
			);
			name = Thirds;
			sourceTree = "<group>";
		};
		0E3872211DC310B300698B90 /* Setting */ = {
			isa = PBXGroup;
			children = (
				0E3872511DC3287A00698B90 /* ColorDef.h */,
				0E3872521DC3287A00698B90 /* CommonDef.h */,
				0E3872531DC3287A00698B90 /* ParamsDef.h */,
				0E3872541DC3287A00698B90 /* Singleton.h */,
			);
			name = Setting;
			sourceTree = "<group>";
		};
		0E3872221DC310BD00698B90 /* Service */ = {
			isa = PBXGroup;
			children = (
				0E70126C1DC6E25E00E22A68 /* NotificationConfigure.h */,
				0E70126D1DC6E25E00E22A68 /* NotificationConfigure.m */,
				0E3872701DC3290500698B90 /* GetDataHandle.h */,
				0E3872711DC3290500698B90 /* GetDataHandle.m */,
			);
			name = Service;
			sourceTree = "<group>";
		};
		0E3872231DC310CD00698B90 /* Mine */ = {
			isa = PBXGroup;
			children = (
				0E38722A1DC3114900698B90 /* Controller */,
				0E3872291DC3114400698B90 /* View */,
				0E3872281DC3113C00698B90 /* Model */,
			);
			name = Mine;
			sourceTree = "<group>";
		};
		0E3872241DC310D900698B90 /* Classes */ = {
			isa = PBXGroup;
			children = (
				0E3872801DC33D2700698B90 /* Category */,
				0E38721E1DC3107600698B90 /* Home */,
				0E3872231DC310CD00698B90 /* Mine */,
				0E3872221DC310BD00698B90 /* Service */,
				0E3872211DC310B300698B90 /* Setting */,
				0E3872201DC310A700698B90 /* Thirds */,
				0E38721F1DC3108E00698B90 /* BaseCommon */,
			);
			name = Classes;
			sourceTree = "<group>";
		};
		0E3872251DC3110E00698B90 /* Model */ = {
			isa = PBXGroup;
			children = (
				0E76D7911DCD845F0066544C /* AdMsgModel.h */,
				0E76D7921DCD845F0066544C /* AdMsgModel.m */,
				0E76D7941DCD8D260066544C /* CityModel.h */,
				0E76D7951DCD8D260066544C /* CityModel.m */,
				0E76D7971DCDA49A0066544C /* UrbanModel.h */,
				0E76D7981DCDA49A0066544C /* UrbanModel.m */,
				0E76D79A1DCDA4CA0066544C /* BusinessCircleModel.h */,
				0E76D79B1DCDA4CA0066544C /* BusinessCircleModel.m */,
				0E76D79D1DCDAEA10066544C /* DateModel.h */,
				0E76D79E1DCDAEA10066544C /* DateModel.m */,
				0E76D7A31DCDB4950066544C /* EqModel.h */,
				0E76D7A41DCDB4950066544C /* EqModel.m */,
			);
			name = Model;
			sourceTree = "<group>";
		};
		0E3872261DC3111D00698B90 /* View */ = {
			isa = PBXGroup;
			children = (
				0E812A691DCADCB100076EC1 /* TextView.h */,
				0E812A6A1DCADCB100076EC1 /* TextView.m */,
				0E812A721DCB515700076EC1 /* ReleaseDetailTableViewCell.h */,
				0E812A731DCB515700076EC1 /* ReleaseDetailTableViewCell.m */,
				0EE24EF51DD2CA2100AE6199 /* PreView.h */,
				0EE24EF61DD2CA2100AE6199 /* PreView.m */,
			);
			name = View;
			sourceTree = "<group>";
		};
		0E3872271DC3112400698B90 /* Controller */ = {
			isa = PBXGroup;
			children = (
				0E38726D1DC328E700698B90 /* HomeViewController.h */,
				0E38726E1DC328E700698B90 /* HomeViewController.m */,
				0E76E26A1DC8337E008A06C1 /* GraphicLeadViewController.h */,
				0E76E26B1DC8337E008A06C1 /* GraphicLeadViewController.m */,
				0E812A6C1DCB2C8500076EC1 /* ReleaseDetailViewController.h */,
				0E812A6D1DCB2C8500076EC1 /* ReleaseDetailViewController.m */,
				0E812A6F1DCB2DB900076EC1 /* ScreenDetailViewController.h */,
				0E812A701DCB2DB900076EC1 /* ScreenDetailViewController.m */,
				0E70126F1DC766B800E22A68 /* PerAdMesViewController.h */,
				0E7012701DC766B800E22A68 /* PerAdMesViewController.m */,
				0E6BBADE1DC9D70300A01F44 /* BusinessChooseViewController.h */,
				0E6BBADF1DC9D70300A01F44 /* BusinessChooseViewController.m */,
				0E8F2ADF1DCC3AC0002FDD23 /* DateAndEqViewController.h */,
				0E8F2AE01DCC3AC0002FDD23 /* DateAndEqViewController.m */,
				0E8F2AE21DCC9360002FDD23 /* ReleaseSuccessViewController.h */,
				0E8F2AE31DCC9360002FDD23 /* ReleaseSuccessViewController.m */,
			);
			name = Controller;
			sourceTree = "<group>";
		};
		0E3872281DC3113C00698B90 /* Model */ = {
			isa = PBXGroup;
			children = (
			);
			name = Model;
			sourceTree = "<group>";
		};
		0E3872291DC3114400698B90 /* View */ = {
			isa = PBXGroup;
			children = (
			);
			name = View;
			sourceTree = "<group>";
		};
		0E38722A1DC3114900698B90 /* Controller */ = {
			isa = PBXGroup;
			children = (
				0E3872731DC32CF700698B90 /* LoginAndRegister */,
				0E38726A1DC328D300698B90 /* MineViewController.h */,
				0E38726B1DC328D300698B90 /* MineViewController.m */,
				0E76D7A61DCDC56D0066544C /* MineReleaseViewController.h */,
				0E76D7A71DCDC56D0066544C /* MineReleaseViewController.m */,
				0E76D7A91DCDC58D0066544C /* HistoryReleaseViewController.h */,
				0E76D7AA1DCDC58D0066544C /* HistoryReleaseViewController.m */,
			);
			name = Controller;
			sourceTree = "<group>";
		};
		0E3872731DC32CF700698B90 /* LoginAndRegister */ = {
			isa = PBXGroup;
			children = (
				0E3872741DC32D3700698B90 /* LoginViewController.h */,
				0E3872751DC32D3700698B90 /* LoginViewController.m */,
				0E38727D1DC330D300698B90 /* VerLoginViewController.h */,
				0E38727E1DC330D300698B90 /* VerLoginViewController.m */,
				0E3872771DC32D5100698B90 /* RegisterViewController.h */,
				0E3872781DC32D5100698B90 /* RegisterViewController.m */,
				0E38727A1DC32EF500698B90 /* GetBackPassWordViewController.h */,
				0E38727B1DC32EF500698B90 /* GetBackPassWordViewController.m */,
			);
			name = LoginAndRegister;
			sourceTree = "<group>";
		};
		0E3872801DC33D2700698B90 /* Category */ = {
			isa = PBXGroup;
			children = (
				0E3872991DC33E6E00698B90 /* MBProgressHUD+Package.h */,
				0E38729A1DC33E6E00698B90 /* MBProgressHUD+Package.m */,
				0E38729B1DC33E6E00698B90 /* NSString+Additions.h */,
				0E38729C1DC33E6E00698B90 /* NSString+Additions.m */,
				0E38729D1DC33E6E00698B90 /* UIView+LayerAttributes.h */,
				0E38729E1DC33E6E00698B90 /* UIView+LayerAttributes.m */,
				0E38729F1DC33E6E00698B90 /* UIViewAdditions.h */,
				0E3872A01DC33E6E00698B90 /* UIViewAdditions.m */,
			);
			name = Category;
			sourceTree = "<group>";
		};
		0E6BBAE11DCA0DB600A01F44 /* JKAssets */ = {
			isa = PBXGroup;
			children = (
				0E6BBAE21DCA0DDF00A01F44 /* ImagesPicker.xcassets */,
				0E6BBAE31DCA0DDF00A01F44 /* JKAssets.h */,
				0E6BBAE41DCA0DDF00A01F44 /* JKAssets.m */,
				0E6BBAE51DCA0DDF00A01F44 /* JKAssetsCollectionFooterView.h */,
				0E6BBAE61DCA0DDF00A01F44 /* JKAssetsCollectionFooterView.m */,
				0E6BBAE71DCA0DDF00A01F44 /* JKAssetsGroupCell.h */,
				0E6BBAE81DCA0DDF00A01F44 /* JKAssetsGroupCell.m */,
				0E6BBAE91DCA0DDF00A01F44 /* JKAssetsGroupsView.h */,
				0E6BBAEA1DCA0DDF00A01F44 /* JKAssetsGroupsView.m */,
				0E6BBAEB1DCA0DDF00A01F44 /* JKAssetsThumbnailView.h */,
				0E6BBAEC1DCA0DDF00A01F44 /* JKAssetsThumbnailView.m */,
				0E6BBAED1DCA0DDF00A01F44 /* JKAssetsViewCell.h */,
				0E6BBAEE1DCA0DDF00A01F44 /* JKAssetsViewCell.m */,
				0E6BBAEF1DCA0DDF00A01F44 /* JKImagePickerController.h */,
				0E6BBAF01DCA0DDF00A01F44 /* JKImagePickerController.m */,
				0E6BBAF11DCA0DDF00A01F44 /* JKImagePickerController.strings */,
				0E6BBAF31DCA0DDF00A01F44 /* JKPhotoBrowser.h */,
				0E6BBAF41DCA0DDF00A01F44 /* JKPhotoBrowser.m */,
				0E6BBAF51DCA0DDF00A01F44 /* JKPhotoBrowserCell.h */,
				0E6BBAF61DCA0DDF00A01F44 /* JKPhotoBrowserCell.m */,
				0E6BBAF71DCA0DDF00A01F44 /* JKPromptView.h */,
				0E6BBAF81DCA0DDF00A01F44 /* JKPromptView.m */,
				0E6BBAF91DCA0DDF00A01F44 /* JKUtil.h */,
				0E6BBAFA1DCA0DDF00A01F44 /* JKUtil.m */,
				0E6BBAFB1DCA0DDF00A01F44 /* PhotoAlbumManager.h */,
				0E6BBAFC1DCA0DDF00A01F44 /* PhotoAlbumManager.m */,
				0E6BBAFD1DCA0DDF00A01F44 /* UIView+JKPicker.h */,
				0E6BBAFE1DCA0DDF00A01F44 /* UIView+JKPicker.m */,
			);
			name = JKAssets;
			sourceTree = "<group>";
		};
		0E76E2831DC86C41008A06C1 /* Push */ = {
			isa = PBXGroup;
			children = (
				0E76E2871DC86CB6008A06C1 /* jpush-ios-2.2.0.a */,
				0E76E2881DC86CB6008A06C1 /* JPUSHService.h */,
			);
			name = Push;
			sourceTree = "<group>";
		};
		0E812A651DCAD97D00076EC1 /* XWScanImage */ = {
			isa = PBXGroup;
			children = (
				0E812A661DCAD99500076EC1 /* XWScanImage.h */,
				0E812A671DCAD99500076EC1 /* XWScanImage.m */,
			);
			name = XWScanImage;
			sourceTree = "<group>";
		};
		32D775FAE73A06FF6B6A76B9 /* Frameworks */ = {
			isa = PBXGroup;
			children = (
				0E6BBB101DCA107200A01F44 /* Photos.framework */,
				0E6BBB0E1DCA0E0400A01F44 /* AVFoundation.framework */,
				0E76E28E1DC88518008A06C1 /* libresolv.tbd */,
				0E76E28C1DC88504008A06C1 /* Foundation.framework */,
				0E76E28A1DC87A80008A06C1 /* libz.1.2.8.tbd */,
				0E76E2801DC86999008A06C1 /* UserNotifications.framework */,
				0E76E27E1DC8697E008A06C1 /* Security.framework */,
				0E76E27C1DC86973008A06C1 /* UIKit.framework */,
				0E76E27A1DC8696A008A06C1 /* CoreGraphics.framework */,
				0E76E2781DC8695C008A06C1 /* SystemConfiguration.framework */,
				0E76E2761DC86950008A06C1 /* CoreTelephony.framework */,
				0E76E2741DC86945008A06C1 /* CoreFoundation.framework */,
				0E76E2721DC8693B008A06C1 /* CFNetwork.framework */,
				0E621C861DC4B9BF00D1136A /* libsqlite3.0.tbd */,
				0E621C841DC4B98F00D1136A /* libc++abi.tbd */,
				AD18A227BB14C06C5A522C46 /* libPods.a */,
			);
			name = Frameworks;
			sourceTree = "<group>";
		};
/* End PBXGroup section */

/* Begin PBXNativeTarget section */
		0E3871DB1DC3033F00698B90 /* caa */ = {
			isa = PBXNativeTarget;
			buildConfigurationList = 0E3872091DC3033F00698B90 /* Build configuration list for PBXNativeTarget "caa" */;
			buildPhases = (
				FC1C0FF8635B637157FC2FCD /* Check Pods Manifest.lock */,
				0E3871D81DC3033F00698B90 /* Sources */,
				0E3871D91DC3033F00698B90 /* Frameworks */,
				0E3871DA1DC3033F00698B90 /* Resources */,
				104D052655CAEC563C961186 /* Embed Pods Frameworks */,
				01B65FE3350CB1718E228458 /* Copy Pods Resources */,
			);
			buildRules = (
			);
			dependencies = (
			);
			name = caa;
			productName = caa;
			productReference = 0E3871DC1DC3033F00698B90 /* caa.app */;
			productType = "com.apple.product-type.application";
		};
		0E3871F41DC3033F00698B90 /* caaTests */ = {
			isa = PBXNativeTarget;
			buildConfigurationList = 0E38720C1DC3033F00698B90 /* Build configuration list for PBXNativeTarget "caaTests" */;
			buildPhases = (
				0E3871F11DC3033F00698B90 /* Sources */,
				0E3871F21DC3033F00698B90 /* Frameworks */,
				0E3871F31DC3033F00698B90 /* Resources */,
			);
			buildRules = (
			);
			dependencies = (
				0E3871F71DC3033F00698B90 /* PBXTargetDependency */,
			);
			name = caaTests;
			productName = caaTests;
			productReference = 0E3871F51DC3033F00698B90 /* caaTests.xctest */;
			productType = "com.apple.product-type.bundle.unit-test";
		};
		0E3871FF1DC3033F00698B90 /* caaUITests */ = {
			isa = PBXNativeTarget;
			buildConfigurationList = 0E38720F1DC3033F00698B90 /* Build configuration list for PBXNativeTarget "caaUITests" */;
			buildPhases = (
				0E3871FC1DC3033F00698B90 /* Sources */,
				0E3871FD1DC3033F00698B90 /* Frameworks */,
				0E3871FE1DC3033F00698B90 /* Resources */,
			);
			buildRules = (
			);
			dependencies = (
				0E3872021DC3033F00698B90 /* PBXTargetDependency */,
			);
			name = caaUITests;
			productName = caaUITests;
			productReference = 0E3872001DC3033F00698B90 /* caaUITests.xctest */;
			productType = "com.apple.product-type.bundle.ui-testing";
		};
/* End PBXNativeTarget section */

/* Begin PBXProject section */
		0E3871D41DC3033F00698B90 /* Project object */ = {
			isa = PBXProject;
			attributes = {
				LastUpgradeCheck = 0800;
				ORGANIZATIONNAME = xichao;
				TargetAttributes = {
					0E3871DB1DC3033F00698B90 = {
						CreatedOnToolsVersion = 8.0;
						DevelopmentTeam = A8C5B4MG9D;
						ProvisioningStyle = Automatic;
						SystemCapabilities = {
							com.apple.BackgroundModes = {
								enabled = 1;
							};
							com.apple.Push = {
								enabled = 1;
							};
						};
					};
					0E3871F41DC3033F00698B90 = {
						CreatedOnToolsVersion = 8.0;
						ProvisioningStyle = Automatic;
						TestTargetID = 0E3871DB1DC3033F00698B90;
					};
					0E3871FF1DC3033F00698B90 = {
						CreatedOnToolsVersion = 8.0;
						ProvisioningStyle = Automatic;
						TestTargetID = 0E3871DB1DC3033F00698B90;
					};
				};
			};
			buildConfigurationList = 0E3871D71DC3033F00698B90 /* Build configuration list for PBXProject "caa" */;
			compatibilityVersion = "Xcode 3.2";
			developmentRegion = English;
			hasScannedForEncodings = 0;
			knownRegions = (
				en,
				Base,
			);
			mainGroup = 0E3871D31DC3033F00698B90;
			productRefGroup = 0E3871DD1DC3033F00698B90 /* Products */;
			projectDirPath = "";
			projectRoot = "";
			targets = (
				0E3871DB1DC3033F00698B90 /* caa */,
				0E3871F41DC3033F00698B90 /* caaTests */,
				0E3871FF1DC3033F00698B90 /* caaUITests */,
			);
		};
/* End PBXProject section */

/* Begin PBXResourcesBuildPhase section */
		0E3871DA1DC3033F00698B90 /* Resources */ = {
			isa = PBXResourcesBuildPhase;
			buildActionMask = 2147483647;
			files = (
				0E6BBB071DCA0DDF00A01F44 /* JKImagePickerController.strings in Resources */,
				0E3871EF1DC3033F00698B90 /* LaunchScreen.storyboard in Resources */,
				0E6BBAFF1DCA0DDF00A01F44 /* ImagesPicker.xcassets in Resources */,
				0E3871EC1DC3033F00698B90 /* Assets.xcassets in Resources */,
				0E3871EA1DC3033F00698B90 /* Main.storyboard in Resources */,
			);
			runOnlyForDeploymentPostprocessing = 0;
		};
		0E3871F31DC3033F00698B90 /* Resources */ = {
			isa = PBXResourcesBuildPhase;
			buildActionMask = 2147483647;
			files = (
			);
			runOnlyForDeploymentPostprocessing = 0;
		};
		0E3871FE1DC3033F00698B90 /* Resources */ = {
			isa = PBXResourcesBuildPhase;
			buildActionMask = 2147483647;
			files = (
			);
			runOnlyForDeploymentPostprocessing = 0;
		};
/* End PBXResourcesBuildPhase section */

/* Begin PBXShellScriptBuildPhase section */
		01B65FE3350CB1718E228458 /* Copy Pods Resources */ = {
			isa = PBXShellScriptBuildPhase;
			buildActionMask = 2147483647;
			files = (
			);
			inputPaths = (
			);
			name = "Copy Pods Resources";
			outputPaths = (
			);
			runOnlyForDeploymentPostprocessing = 0;
			shellPath = /bin/sh;
			shellScript = "\"${SRCROOT}/Pods/Target Support Files/Pods/Pods-resources.sh\"\n";
			showEnvVarsInLog = 0;
		};
		104D052655CAEC563C961186 /* Embed Pods Frameworks */ = {
			isa = PBXShellScriptBuildPhase;
			buildActionMask = 2147483647;
			files = (
			);
			inputPaths = (
			);
			name = "Embed Pods Frameworks";
			outputPaths = (
			);
			runOnlyForDeploymentPostprocessing = 0;
			shellPath = /bin/sh;
			shellScript = "\"${SRCROOT}/Pods/Target Support Files/Pods/Pods-frameworks.sh\"\n";
			showEnvVarsInLog = 0;
		};
		FC1C0FF8635B637157FC2FCD /* Check Pods Manifest.lock */ = {
			isa = PBXShellScriptBuildPhase;
			buildActionMask = 2147483647;
			files = (
			);
			inputPaths = (
			);
			name = "Check Pods Manifest.lock";
			outputPaths = (
			);
			runOnlyForDeploymentPostprocessing = 0;
			shellPath = /bin/sh;
			shellScript = "diff \"${PODS_ROOT}/../Podfile.lock\" \"${PODS_ROOT}/Manifest.lock\" > /dev/null\nif [[ $? != 0 ]] ; then\n    cat << EOM\nerror: The sandbox is not in sync with the Podfile.lock. Run 'pod install' or update your CocoaPods installation.\nEOM\n    exit 1\nfi\n";
			showEnvVarsInLog = 0;
		};
/* End PBXShellScriptBuildPhase section */

/* Begin PBXSourcesBuildPhase section */
		0E3871D81DC3033F00698B90 /* Sources */ = {
			isa = PBXSourcesBuildPhase;
			buildActionMask = 2147483647;
			files = (
				0E3872721DC3290500698B90 /* GetDataHandle.m in Sources */,
				0E7012711DC766B800E22A68 /* PerAdMesViewController.m in Sources */,
				0E8F2AE41DCC9360002FDD23 /* ReleaseSuccessViewController.m in Sources */,
				0E6BBB0B1DCA0DE000A01F44 /* JKUtil.m in Sources */,
				0E3872A11DC33E6E00698B90 /* MBProgressHUD+Package.m in Sources */,
				0E812A741DCB515700076EC1 /* ReleaseDetailTableViewCell.m in Sources */,
				0E38727C1DC32EF500698B90 /* GetBackPassWordViewController.m in Sources */,
				0E76D7AB1DCDC58D0066544C /* HistoryReleaseViewController.m in Sources */,
				0E38725D1DC328A900698B90 /* EncryptionData.m in Sources */,
				0E3872761DC32D3700698B90 /* LoginViewController.m in Sources */,
				0E6BBB0A1DCA0DE000A01F44 /* JKPromptView.m in Sources */,
				0E6BBB041DCA0DDF00A01F44 /* JKAssetsThumbnailView.m in Sources */,
				0E3872681DC328BC00698B90 /* BaseViewController.m in Sources */,
				0E6BBB0D1DCA0DE000A01F44 /* UIView+JKPicker.m in Sources */,
				0E8F2AE11DCC3AC0002FDD23 /* DateAndEqViewController.m in Sources */,
				0E3872A31DC33E6E00698B90 /* UIView+LayerAttributes.m in Sources */,
				0E76D79C1DCDA4CA0066544C /* BusinessCircleModel.m in Sources */,
				0E76D79F1DCDAEA10066544C /* DateModel.m in Sources */,
				0E6BBB091DCA0DE000A01F44 /* JKPhotoBrowserCell.m in Sources */,
				0E812A6E1DCB2C8500076EC1 /* ReleaseDetailViewController.m in Sources */,
				0E6BBAE01DC9D70300A01F44 /* BusinessChooseViewController.m in Sources */,
				0EE24EF71DD2CA2100AE6199 /* PreView.m in Sources */,
				0E38726C1DC328D300698B90 /* MineViewController.m in Sources */,
				0E38725E1DC328A900698B90 /* HYAlertView.m in Sources */,
				0E3872691DC328BC00698B90 /* TabBarViewController.m in Sources */,
				0E6BBB061DCA0DDF00A01F44 /* JKImagePickerController.m in Sources */,
				0E76E26C1DC8337E008A06C1 /* GraphicLeadViewController.m in Sources */,
				0E38727F1DC330D300698B90 /* VerLoginViewController.m in Sources */,
				0E812A6B1DCADCB100076EC1 /* TextView.m in Sources */,
				0E76D7A51DCDB4950066544C /* EqModel.m in Sources */,
				0E812A681DCAD99500076EC1 /* XWScanImage.m in Sources */,
				0E3872601DC328A900698B90 /* LGReachability.m in Sources */,
				0E6BBB0C1DCA0DE000A01F44 /* PhotoAlbumManager.m in Sources */,
				0E3872A21DC33E6E00698B90 /* NSString+Additions.m in Sources */,
				0E6BBB011DCA0DDF00A01F44 /* JKAssetsCollectionFooterView.m in Sources */,
				0E76D7991DCDA49A0066544C /* UrbanModel.m in Sources */,
				0E3871E41DC3033F00698B90 /* AppDelegate.m in Sources */,
				0E6BBB051DCA0DDF00A01F44 /* JKAssetsViewCell.m in Sources */,
				0E3871E11DC3033F00698B90 /* main.m in Sources */,
				0E812A711DCB2DB900076EC1 /* ScreenDetailViewController.m in Sources */,
				0E3872671DC328BC00698B90 /* BaseModel.m in Sources */,
				0E3872A41DC33E6E00698B90 /* UIViewAdditions.m in Sources */,
				0E6BBB001DCA0DDF00A01F44 /* JKAssets.m in Sources */,
				0E70126E1DC6E25E00E22A68 /* NotificationConfigure.m in Sources */,
				0E6BBB081DCA0DDF00A01F44 /* JKPhotoBrowser.m in Sources */,
				0E3872791DC32D5100698B90 /* RegisterViewController.m in Sources */,
				0E76D7A81DCDC56D0066544C /* MineReleaseViewController.m in Sources */,
				0E38725F1DC328A900698B90 /* JSONKit.m in Sources */,
				0E38726F1DC328E700698B90 /* HomeViewController.m in Sources */,
				0E76D7961DCD8D260066544C /* CityModel.m in Sources */,
				0E6BBB031DCA0DDF00A01F44 /* JKAssetsGroupsView.m in Sources */,
				0E76D7931DCD845F0066544C /* AdMsgModel.m in Sources */,
				0E6BBB021DCA0DDF00A01F44 /* JKAssetsGroupCell.m in Sources */,
			);
			runOnlyForDeploymentPostprocessing = 0;
		};
		0E3871F11DC3033F00698B90 /* Sources */ = {
			isa = PBXSourcesBuildPhase;
			buildActionMask = 2147483647;
			files = (
				0E3871FA1DC3033F00698B90 /* caaTests.m in Sources */,
			);
			runOnlyForDeploymentPostprocessing = 0;
		};
		0E3871FC1DC3033F00698B90 /* Sources */ = {
			isa = PBXSourcesBuildPhase;
			buildActionMask = 2147483647;
			files = (
				0E3872051DC3033F00698B90 /* caaUITests.m in Sources */,
			);
			runOnlyForDeploymentPostprocessing = 0;
		};
/* End PBXSourcesBuildPhase section */

/* Begin PBXTargetDependency section */
		0E3871F71DC3033F00698B90 /* PBXTargetDependency */ = {
			isa = PBXTargetDependency;
			target = 0E3871DB1DC3033F00698B90 /* caa */;
			targetProxy = 0E3871F61DC3033F00698B90 /* PBXContainerItemProxy */;
		};
		0E3872021DC3033F00698B90 /* PBXTargetDependency */ = {
			isa = PBXTargetDependency;
			target = 0E3871DB1DC3033F00698B90 /* caa */;
			targetProxy = 0E3872011DC3033F00698B90 /* PBXContainerItemProxy */;
		};
/* End PBXTargetDependency section */

/* Begin PBXVariantGroup section */
		0E3871E81DC3033F00698B90 /* Main.storyboard */ = {
			isa = PBXVariantGroup;
			children = (
				0E3871E91DC3033F00698B90 /* Base */,
			);
			name = Main.storyboard;
			sourceTree = "<group>";
		};
		0E3871ED1DC3033F00698B90 /* LaunchScreen.storyboard */ = {
			isa = PBXVariantGroup;
			children = (
				0E3871EE1DC3033F00698B90 /* Base */,
			);
			name = LaunchScreen.storyboard;
			sourceTree = "<group>";
		};
		0E6BBAF11DCA0DDF00A01F44 /* JKImagePickerController.strings */ = {
			isa = PBXVariantGroup;
			children = (
				0E6BBAF21DCA0DDF00A01F44 /* en */,
			);
			name = JKImagePickerController.strings;
			sourceTree = "<group>";
		};
/* End PBXVariantGroup section */

/* Begin XCBuildConfiguration section */
		0E3872071DC3033F00698B90 /* Debug */ = {
			isa = XCBuildConfiguration;
			buildSettings = {
				ALWAYS_SEARCH_USER_PATHS = NO;
				CLANG_ANALYZER_NONNULL = YES;
				CLANG_CXX_LANGUAGE_STANDARD = "gnu++0x";
				CLANG_CXX_LIBRARY = "libc++";
				CLANG_ENABLE_MODULES = YES;
				CLANG_ENABLE_OBJC_ARC = YES;
				CLANG_WARN_BOOL_CONVERSION = YES;
				CLANG_WARN_CONSTANT_CONVERSION = YES;
				CLANG_WARN_DIRECT_OBJC_ISA_USAGE = YES_ERROR;
				CLANG_WARN_DOCUMENTATION_COMMENTS = YES;
				CLANG_WARN_EMPTY_BODY = YES;
				CLANG_WARN_ENUM_CONVERSION = YES;
				CLANG_WARN_INFINITE_RECURSION = YES;
				CLANG_WARN_INT_CONVERSION = YES;
				CLANG_WARN_OBJC_ROOT_CLASS = YES_ERROR;
				CLANG_WARN_SUSPICIOUS_MOVES = YES;
				CLANG_WARN_UNREACHABLE_CODE = YES;
				CLANG_WARN__DUPLICATE_METHOD_MATCH = YES;
				"CODE_SIGN_IDENTITY[sdk=iphoneos*]" = "iPhone Developer";
				COPY_PHASE_STRIP = NO;
				DEBUG_INFORMATION_FORMAT = dwarf;
				ENABLE_STRICT_OBJC_MSGSEND = YES;
				ENABLE_TESTABILITY = YES;
				GCC_C_LANGUAGE_STANDARD = gnu99;
				GCC_DYNAMIC_NO_PIC = NO;
				GCC_NO_COMMON_BLOCKS = YES;
				GCC_OPTIMIZATION_LEVEL = 0;
				GCC_PRECOMPILE_PREFIX_HEADER = YES;
				GCC_PREPROCESSOR_DEFINITIONS = (
					"DEBUG=1",
					"$(inherited)",
				);
				GCC_WARN_64_TO_32_BIT_CONVERSION = YES;
				GCC_WARN_ABOUT_RETURN_TYPE = YES_ERROR;
				GCC_WARN_UNDECLARED_SELECTOR = YES;
				GCC_WARN_UNINITIALIZED_AUTOS = YES_AGGRESSIVE;
				GCC_WARN_UNUSED_FUNCTION = YES;
				GCC_WARN_UNUSED_VARIABLE = YES;
				IPHONEOS_DEPLOYMENT_TARGET = 10.0;
				MTL_ENABLE_DEBUG_INFO = YES;
				ONLY_ACTIVE_ARCH = YES;
				SDKROOT = iphoneos;
				TARGETED_DEVICE_FAMILY = "1,2";
				USER_HEADER_SEARCH_PATHS = "$(SRCROOT)/caa/caa/Classes/Thirds/jpush-ios-2.2.0.a";
			};
			name = Debug;
		};
		0E3872081DC3033F00698B90 /* Release */ = {
			isa = XCBuildConfiguration;
			buildSettings = {
				ALWAYS_SEARCH_USER_PATHS = NO;
				CLANG_ANALYZER_NONNULL = YES;
				CLANG_CXX_LANGUAGE_STANDARD = "gnu++0x";
				CLANG_CXX_LIBRARY = "libc++";
				CLANG_ENABLE_MODULES = YES;
				CLANG_ENABLE_OBJC_ARC = YES;
				CLANG_WARN_BOOL_CONVERSION = YES;
				CLANG_WARN_CONSTANT_CONVERSION = YES;
				CLANG_WARN_DIRECT_OBJC_ISA_USAGE = YES_ERROR;
				CLANG_WARN_DOCUMENTATION_COMMENTS = YES;
				CLANG_WARN_EMPTY_BODY = YES;
				CLANG_WARN_ENUM_CONVERSION = YES;
				CLANG_WARN_INFINITE_RECURSION = YES;
				CLANG_WARN_INT_CONVERSION = YES;
				CLANG_WARN_OBJC_ROOT_CLASS = YES_ERROR;
				CLANG_WARN_SUSPICIOUS_MOVES = YES;
				CLANG_WARN_UNREACHABLE_CODE = YES;
				CLANG_WARN__DUPLICATE_METHOD_MATCH = YES;
				"CODE_SIGN_IDENTITY[sdk=iphoneos*]" = "iPhone Developer";
				COPY_PHASE_STRIP = NO;
				DEBUG_INFORMATION_FORMAT = "dwarf-with-dsym";
				ENABLE_NS_ASSERTIONS = NO;
				ENABLE_STRICT_OBJC_MSGSEND = YES;
				GCC_C_LANGUAGE_STANDARD = gnu99;
				GCC_NO_COMMON_BLOCKS = YES;
				GCC_PRECOMPILE_PREFIX_HEADER = YES;
				GCC_WARN_64_TO_32_BIT_CONVERSION = YES;
				GCC_WARN_ABOUT_RETURN_TYPE = YES_ERROR;
				GCC_WARN_UNDECLARED_SELECTOR = YES;
				GCC_WARN_UNINITIALIZED_AUTOS = YES_AGGRESSIVE;
				GCC_WARN_UNUSED_FUNCTION = YES;
				GCC_WARN_UNUSED_VARIABLE = YES;
				IPHONEOS_DEPLOYMENT_TARGET = 10.0;
				MTL_ENABLE_DEBUG_INFO = NO;
				SDKROOT = iphoneos;
				TARGETED_DEVICE_FAMILY = "1,2";
				USER_HEADER_SEARCH_PATHS = "$(SRCROOT)/caa/caa/Classes/Thirds/jpush-ios-2.2.0.a";
				VALIDATE_PRODUCT = YES;
			};
			name = Release;
		};
		0E38720A1DC3033F00698B90 /* Debug */ = {
			isa = XCBuildConfiguration;
			baseConfigurationReference = CC1B7E292FDBECF78930FC90 /* Pods.debug.xcconfig */;
			buildSettings = {
				ASSETCATALOG_COMPILER_APPICON_NAME = AppIcon;
				CODE_SIGN_ENTITLEMENTS = caa/caa.entitlements;
				CODE_SIGN_IDENTITY = "iPhone Developer";
				"CODE_SIGN_IDENTITY[sdk=iphoneos*]" = "iPhone Developer";
				DEVELOPMENT_TEAM = A8C5B4MG9D;
				ENABLE_BITCODE = NO;
				GCC_PRECOMPILE_PREFIX_HEADER = YES;
				GCC_PREFIX_HEADER = "$(SRCROOT)/caa/caa-Prefix.pch";
				INFOPLIST_FILE = caa/Info.plist;
				IPHONEOS_DEPLOYMENT_TARGET = 10.0;
				LD_RUNPATH_SEARCH_PATHS = "$(inherited) @executable_path/Frameworks";
				LIBRARY_SEARCH_PATHS = (
					"$(inherited)",
					"$(PROJECT_DIR)/caa/Classes/Thirds/Lib",
					"$(PROJECT_DIR)/caa/Classes/Thirds",
				);
				PRODUCT_BUNDLE_IDENTIFIER = net.bjyfkj.www.caa;
				PRODUCT_NAME = "$(TARGET_NAME)";
				PROVISIONING_PROFILE = "";
				PROVISIONING_PROFILE_SPECIFIER = "";
			};
			name = Debug;
		};
		0E38720B1DC3033F00698B90 /* Release */ = {
			isa = XCBuildConfiguration;
			baseConfigurationReference = 9A8C8286377303B5211B415D /* Pods.release.xcconfig */;
			buildSettings = {
				ASSETCATALOG_COMPILER_APPICON_NAME = AppIcon;
				CODE_SIGN_ENTITLEMENTS = caa/caa.entitlements;
				CODE_SIGN_IDENTITY = "iPhone Developer";
				"CODE_SIGN_IDENTITY[sdk=iphoneos*]" = "iPhone Developer";
				DEVELOPMENT_TEAM = A8C5B4MG9D;
				ENABLE_BITCODE = NO;
				GCC_PRECOMPILE_PREFIX_HEADER = YES;
				GCC_PREFIX_HEADER = "$(SRCROOT)/caa/caa-Prefix.pch";
				INFOPLIST_FILE = caa/Info.plist;
				IPHONEOS_DEPLOYMENT_TARGET = 10.0;
				LD_RUNPATH_SEARCH_PATHS = "$(inherited) @executable_path/Frameworks";
				LIBRARY_SEARCH_PATHS = (
					"$(inherited)",
					"$(PROJECT_DIR)/caa/Classes/Thirds/Lib",
					"$(PROJECT_DIR)/caa/Classes/Thirds",
				);
				PRODUCT_BUNDLE_IDENTIFIER = net.bjyfkj.www.caa;
				PRODUCT_NAME = "$(TARGET_NAME)";
				PROVISIONING_PROFILE = "";
				PROVISIONING_PROFILE_SPECIFIER = "";
			};
			name = Release;
		};
		0E38720D1DC3033F00698B90 /* Debug */ = {
			isa = XCBuildConfiguration;
			buildSettings = {
				BUNDLE_LOADER = "$(TEST_HOST)";
				INFOPLIST_FILE = caaTests/Info.plist;
				LD_RUNPATH_SEARCH_PATHS = "$(inherited) @executable_path/Frameworks @loader_path/Frameworks";
				PRODUCT_BUNDLE_IDENTIFIER = net.bjyfkj.caaTests;
				PRODUCT_NAME = "$(TARGET_NAME)";
				TEST_HOST = "$(BUILT_PRODUCTS_DIR)/caa.app/caa";
			};
			name = Debug;
		};
		0E38720E1DC3033F00698B90 /* Release */ = {
			isa = XCBuildConfiguration;
			buildSettings = {
				BUNDLE_LOADER = "$(TEST_HOST)";
				INFOPLIST_FILE = caaTests/Info.plist;
				LD_RUNPATH_SEARCH_PATHS = "$(inherited) @executable_path/Frameworks @loader_path/Frameworks";
				PRODUCT_BUNDLE_IDENTIFIER = net.bjyfkj.caaTests;
				PRODUCT_NAME = "$(TARGET_NAME)";
				TEST_HOST = "$(BUILT_PRODUCTS_DIR)/caa.app/caa";
			};
			name = Release;
		};
		0E3872101DC3033F00698B90 /* Debug */ = {
			isa = XCBuildConfiguration;
			buildSettings = {
				INFOPLIST_FILE = caaUITests/Info.plist;
				LD_RUNPATH_SEARCH_PATHS = "$(inherited) @executable_path/Frameworks @loader_path/Frameworks";
				PRODUCT_BUNDLE_IDENTIFIER = net.bjyfkj.caaUITests;
				PRODUCT_NAME = "$(TARGET_NAME)";
				TEST_TARGET_NAME = caa;
			};
			name = Debug;
		};
		0E3872111DC3033F00698B90 /* Release */ = {
			isa = XCBuildConfiguration;
			buildSettings = {
				INFOPLIST_FILE = caaUITests/Info.plist;
				LD_RUNPATH_SEARCH_PATHS = "$(inherited) @executable_path/Frameworks @loader_path/Frameworks";
				PRODUCT_BUNDLE_IDENTIFIER = net.bjyfkj.caaUITests;
				PRODUCT_NAME = "$(TARGET_NAME)";
				TEST_TARGET_NAME = caa;
			};
			name = Release;
		};
/* End XCBuildConfiguration section */

/* Begin XCConfigurationList section */
		0E3871D71DC3033F00698B90 /* Build configuration list for PBXProject "caa" */ = {
			isa = XCConfigurationList;
			buildConfigurations = (
				0E3872071DC3033F00698B90 /* Debug */,
				0E3872081DC3033F00698B90 /* Release */,
			);
			defaultConfigurationIsVisible = 0;
			defaultConfigurationName = Release;
		};
		0E3872091DC3033F00698B90 /* Build configuration list for PBXNativeTarget "caa" */ = {
			isa = XCConfigurationList;
			buildConfigurations = (
				0E38720A1DC3033F00698B90 /* Debug */,
				0E38720B1DC3033F00698B90 /* Release */,
			);
			defaultConfigurationIsVisible = 0;
			defaultConfigurationName = Release;
		};
		0E38720C1DC3033F00698B90 /* Build configuration list for PBXNativeTarget "caaTests" */ = {
			isa = XCConfigurationList;
			buildConfigurations = (
				0E38720D1DC3033F00698B90 /* Debug */,
				0E38720E1DC3033F00698B90 /* Release */,
			);
			defaultConfigurationIsVisible = 0;
			defaultConfigurationName = Release;
		};
		0E38720F1DC3033F00698B90 /* Build configuration list for PBXNativeTarget "caaUITests" */ = {
			isa = XCConfigurationList;
			buildConfigurations = (
				0E3872101DC3033F00698B90 /* Debug */,
				0E3872111DC3033F00698B90 /* Release */,
			);
			defaultConfigurationIsVisible = 0;
			defaultConfigurationName = Release;
		};
/* End XCConfigurationList section */
	};
	rootObject = 0E3871D41DC3033F00698B90 /* Project object */;
}
